// !$*UTF8*$!
{
	archiveVersion = 1;
	classes = {
	};
	objectVersion = 56;
	objects = {

/* Begin PBXBuildFile section */
		43A37C75E1DB1B68CE8566C1 /* ActivityTypeTests.swift in Sources */ = {isa = PBXBuildFile; fileRef = 12BB690F25F54B750AA42F4A /* ActivityTypeTests.swift */; };
		F2B19313E5BD07F6A74BEB72 /* ReserveSpanTests.swift in Sources */ = {isa = PBXBuildFile; fileRef = 15D3EA5CFE5E1DCAD9EBBC56 /* ReserveSpanTests.swift */; };
		6B58F42A246C561C3D98F3F5 /* SessionCoachSummaryTests.swift in Sources */ = {isa = PBXBuildFile; fileRef = AA68B985D14FE086BD69C11C /* SessionCoachSummaryTests.swift */; };
		241504E12F13C7826AFE199C /* SessionTimelineSeriesTests.swift in Sources */ = {isa = PBXBuildFile; fileRef = 9B181363D6A49186F45A2EDC /* SessionTimelineSeriesTests.swift */; };
		916E9E8724B25DE55C8BDBD8 /* ExerciseOverallScoreTests.swift in Sources */ = {isa = PBXBuildFile; fileRef = CF856CA50617E0CE83FF3277 /* ExerciseOverallScoreTests.swift */; };
		DB008F4FD88F2146F25870A1 /* ExerciseResponsePersistenceTests.swift in Sources */ = {isa = PBXBuildFile; fileRef = C72030D576025334DD476BE4 /* ExerciseResponsePersistenceTests.swift */; };
		7BB70ED0F7441CFA169BC456 /* ExerciseResponseTests.swift in Sources */ = {isa = PBXBuildFile; fileRef = F977D374481218BF8B51F781 /* ExerciseResponseTests.swift */; };
		CB62B2E9CF6FB86CEA829234 /* ExerciseSuppressionTests.swift in Sources */ = {isa = PBXBuildFile; fileRef = 4DE28E0D3E8F7AC97F87B585 /* ExerciseSuppressionTests.swift */; };
		DB47876B9E7EA9FD18FF19C9 /* ExerciseIntensityTests.swift in Sources */ = {isa = PBXBuildFile; fileRef = 95B9519E06B06D323F47D5B1 /* ExerciseIntensityTests.swift */; };
		04C27CD78B1B40DBA5522FB9 /* HRCeilingTests.swift in Sources */ = {isa = PBXBuildFile; fileRef = CCEA22F3FB1E016118D8EE01 /* HRCeilingTests.swift */; };
		04B07817C335F28A352F88E9 /* ActivityClassTests.swift in Sources */ = {isa = PBXBuildFile; fileRef = 20866A7D973F59840EBFADEE /* ActivityClassTests.swift */; };
		519BA43B55690D5F8761EBBF /* UsageUploader.swift in Sources */ = {isa = PBXBuildFile; fileRef = FE6F0E9C8772030B86BA730E /* UsageUploader.swift */; };
		A101 /* WythinApp.swift in Sources */ = {isa = PBXBuildFile; fileRef = F101 /* WythinApp.swift */; };
		A102 /* AppEnvironment.swift in Sources */ = {isa = PBXBuildFile; fileRef = F102 /* AppEnvironment.swift */; };
		A103 /* BLEService.swift in Sources */ = {isa = PBXBuildFile; fileRef = F103 /* BLEService.swift */; };
		A104 /* PolarH10Profile.swift in Sources */ = {isa = PBXBuildFile; fileRef = F104 /* PolarH10Profile.swift */; };
		A105 /* DataBuffer.swift in Sources */ = {isa = PBXBuildFile; fileRef = F105 /* DataBuffer.swift */; };
		A106 /* MetricsEngine.swift in Sources */ = {isa = PBXBuildFile; fileRef = F106 /* MetricsEngine.swift */; };
		A107 /* HRVCompute.swift in Sources */ = {isa = PBXBuildFile; fileRef = F107 /* HRVCompute.swift */; };
		A108 /* RSACompute.swift in Sources */ = {isa = PBXBuildFile; fileRef = F108 /* RSACompute.swift */; };
		A109 /* BreathingCompute.swift in Sources */ = {isa = PBXBuildFile; fileRef = F109 /* BreathingCompute.swift */; };
		A110 /* CoherenceCompute.swift in Sources */ = {isa = PBXBuildFile; fileRef = F110 /* CoherenceCompute.swift */; };
		A111 /* SyncService.swift in Sources */ = {isa = PBXBuildFile; fileRef = F111 /* SyncService.swift */; };
		A112 /* APIClient.swift in Sources */ = {isa = PBXBuildFile; fileRef = F112 /* APIClient.swift */; };
		A113 /* SessionUploader.swift in Sources */ = {isa = PBXBuildFile; fileRef = F113 /* SessionUploader.swift */; };
		A114 /* HRVSession.swift in Sources */ = {isa = PBXBuildFile; fileRef = F114 /* HRVSession.swift */; };
		A115 /* HRVSample.swift in Sources */ = {isa = PBXBuildFile; fileRef = F115 /* HRVSample.swift */; };
		A116 /* ResonanceResult.swift in Sources */ = {isa = PBXBuildFile; fileRef = F116 /* ResonanceResult.swift */; };
		A117 /* Theme.swift in Sources */ = {isa = PBXBuildFile; fileRef = F117 /* Theme.swift */; };
		A118 /* WaveformRenderer.swift in Sources */ = {isa = PBXBuildFile; fileRef = F118 /* WaveformRenderer.swift */; };
		A119 /* LiveView.swift in Sources */ = {isa = PBXBuildFile; fileRef = F119 /* LiveView.swift */; };
		A120 /* ECGWaveformView.swift in Sources */ = {isa = PBXBuildFile; fileRef = F120 /* ECGWaveformView.swift */; };
		A122 /* HeartBeatView.swift in Sources */ = {isa = PBXBuildFile; fileRef = F122 /* HeartBeatView.swift */; };
		A123 /* ResonateView.swift in Sources */ = {isa = PBXBuildFile; fileRef = F123 /* ResonateView.swift */; };
		A124 /* PacerCircleView.swift in Sources */ = {isa = PBXBuildFile; fileRef = F124 /* PacerCircleView.swift */; };
		A126 /* SettingsView.swift in Sources */ = {isa = PBXBuildFile; fileRef = F126 /* SettingsView.swift */; };
		A127 /* MetricsHistoryPoint.swift in Sources */ = {isa = PBXBuildFile; fileRef = F127 /* MetricsHistoryPoint.swift */; };
		A240 /* DailyRollup.swift in Sources */ = {isa = PBXBuildFile; fileRef = F240 /* DailyRollup.swift */; };
		A251 /* TrackCache.swift in Sources */ = {isa = PBXBuildFile; fileRef = F251 /* TrackCache.swift */; };
		A252 /* TrackPeriod.swift in Sources */ = {isa = PBXBuildFile; fileRef = F252 /* TrackPeriod.swift */; };
		A253 /* TrackMetricSpec.swift in Sources */ = {isa = PBXBuildFile; fileRef = F253 /* TrackMetricSpec.swift */; };
		A254 /* TrackSeriesBuilder.swift in Sources */ = {isa = PBXBuildFile; fileRef = F254 /* TrackSeriesBuilder.swift */; };
		A255 /* ConsistencySummary.swift in Sources */ = {isa = PBXBuildFile; fileRef = F255 /* ConsistencySummary.swift */; };
		A256 /* TrackPeriodBar.swift in Sources */ = {isa = PBXBuildFile; fileRef = F256 /* TrackPeriodBar.swift */; };
		A257 /* MacroReadCard.swift in Sources */ = {isa = PBXBuildFile; fileRef = F257 /* MacroReadCard.swift */; };
		A258 /* TrackMetricChartCard.swift in Sources */ = {isa = PBXBuildFile; fileRef = F258 /* TrackMetricChartCard.swift */; };
		A259 /* ConsistencyCard.swift in Sources */ = {isa = PBXBuildFile; fileRef = F259 /* ConsistencyCard.swift */; };
		A250 /* TrackView.swift in Sources */ = {isa = PBXBuildFile; fileRef = F250 /* TrackView.swift */; };
		A128 /* MetricsChartsView.swift in Sources */ = {isa = PBXBuildFile; fileRef = F128 /* MetricsChartsView.swift */; };
		A129 /* ACCWaveformView.swift in Sources */ = {isa = PBXBuildFile; fileRef = F129 /* ACCWaveformView.swift */; };
		A130 /* RRTachogramView.swift in Sources */ = {isa = PBXBuildFile; fileRef = F130 /* RRTachogramView.swift */; };
		A131 /* HRVAnalysisView.swift in Sources */ = {isa = PBXBuildFile; fileRef = F131 /* HRVAnalysisView.swift */; };
		A132 /* SplashView.swift in Sources */ = {isa = PBXBuildFile; fileRef = F132 /* SplashView.swift */; };
		A133 /* BLENavButton.swift in Sources */ = {isa = PBXBuildFile; fileRef = F133 /* BLENavButton.swift */; };
		A134 /* BiofeedbackViews.swift in Sources */ = {isa = PBXBuildFile; fileRef = F134 /* BiofeedbackViews.swift */; };
		A135 /* TrainSession.swift in Sources */ = {isa = PBXBuildFile; fileRef = F135 /* TrainSession.swift */; };
		A136 /* ActivityLog.swift in Sources */ = {isa = PBXBuildFile; fileRef = F136 /* ActivityLog.swift */; };
		A137 /* ActivitiesView.swift in Sources */ = {isa = PBXBuildFile; fileRef = F137 /* ActivitiesView.swift */; };
		80FD4071E16403CDD0C0F55D /* ExerciseLogRow.swift in Sources */ = {isa = PBXBuildFile; fileRef = 2C610ECB383624DF3DB2E902 /* ExerciseLogRow.swift */; };
		F84F7CB62F996193D6F7DBA1 /* ActivityLogRow.swift in Sources */ = {isa = PBXBuildFile; fileRef = 10284DCB6D50B66249C5AB82 /* ActivityLogRow.swift */; };
		A138 /* PolyvagalState.swift in Sources */ = {isa = PBXBuildFile; fileRef = F138 /* PolyvagalState.swift */; };
		A139 /* CurrentStateCard.swift in Sources */ = {isa = PBXBuildFile; fileRef = F139 /* CurrentStateCard.swift */; };
		A140 /* RecommendedActionCard.swift in Sources */ = {isa = PBXBuildFile; fileRef = F140 /* RecommendedActionCard.swift */; };
		A141 /* DFACompute.swift in Sources */ = {isa = PBXBuildFile; fileRef = F141 /* DFACompute.swift */; };
		A142 /* AdvancedHRVCompute.swift in Sources */ = {isa = PBXBuildFile; fileRef = F142 /* AdvancedHRVCompute.swift */; };
		A143 /* ECGQualityCompute.swift in Sources */ = {isa = PBXBuildFile; fileRef = F143 /* ECGQualityCompute.swift */; };
		A144 /* SignalQualityTier+Theme.swift in Sources */ = {isa = PBXBuildFile; fileRef = F144 /* SignalQualityTier+Theme.swift */; };
		A145 /* InsightGenerator.swift in Sources */ = {isa = PBXBuildFile; fileRef = F145 /* InsightGenerator.swift */; };
		A146 /* LiveStateTrendCompute.swift in Sources */ = {isa = PBXBuildFile; fileRef = F146 /* LiveStateTrendCompute.swift */; };
		A147 /* LiveStateWidget.swift in Sources */ = {isa = PBXBuildFile; fileRef = F147 /* LiveStateWidget.swift */; };
		A148 /* MetricTile.swift in Sources */ = {isa = PBXBuildFile; fileRef = F148 /* MetricTile.swift */; };
		A149 /* ActivityMetricsGrid.swift in Sources */ = {isa = PBXBuildFile; fileRef = F149 /* ActivityMetricsGrid.swift */; };
		A150 /* ActivityWindowChart.swift in Sources */ = {isa = PBXBuildFile; fileRef = F150 /* ActivityWindowChart.swift */; };
		D07587900CF0F451D2296B6E /* RecoveryCurveChart.swift in Sources */ = {isa = PBXBuildFile; fileRef = 6FAD5A571618CC30124B0A6D /* RecoveryCurveChart.swift */; };
		572FE6B7D226F114A58E9495 /* CostScatterChart.swift in Sources */ = {isa = PBXBuildFile; fileRef = BEEE9F1E89C1080D7968C81F /* CostScatterChart.swift */; };
		18D9F03ADFCE85B5F794E94D /* ExerciseDetailView.swift in Sources */ = {isa = PBXBuildFile; fileRef = EAFB2854BF564659AB44437A /* ExerciseDetailView.swift */; };
		973C076BBA17753FE1E14F39 /* IntensityDomainBar.swift in Sources */ = {isa = PBXBuildFile; fileRef = 8DB14932B2654296DD711453 /* IntensityDomainBar.swift */; };
		464AD9DEC520D515A61A3DE7 /* SessionTimelineChart.swift in Sources */ = {isa = PBXBuildFile; fileRef = EB3DAF0C092FF0CCF91FDF70 /* SessionTimelineChart.swift */; };
		A151 /* ActivityMetricStats.swift in Sources */ = {isa = PBXBuildFile; fileRef = F151 /* ActivityMetricStats.swift */; };
		0494739CC2085FEDCA412073 /* ReserveSpan.swift in Sources */ = {isa = PBXBuildFile; fileRef = 1D2DA763415A735C4235EAC3 /* ReserveSpan.swift */; };
		4B4B9AEF69C85FFFB3320D8E /* SessionCoachSummary.swift in Sources */ = {isa = PBXBuildFile; fileRef = 0D12AFB7E233F1788DF1389B /* SessionCoachSummary.swift */; };
		F6E29B23138474AAF201367B /* SessionTimelineSeries.swift in Sources */ = {isa = PBXBuildFile; fileRef = 5E5294EDF227D9A9088C3CF9 /* SessionTimelineSeries.swift */; };
		E31E15DF62015435905FE094 /* ExerciseOverallScore.swift in Sources */ = {isa = PBXBuildFile; fileRef = 5DE74DCE97C4E46327F3DF50 /* ExerciseOverallScore.swift */; };
		10BB7FC13F17B5EE0955D510 /* ExerciseResponse.swift in Sources */ = {isa = PBXBuildFile; fileRef = 2BCF24B05B61179BE85725B6 /* ExerciseResponse.swift */; };
		822C2AE5497CD6845368A9AB /* ExerciseSuppression.swift in Sources */ = {isa = PBXBuildFile; fileRef = 2347BCF92FF25D4B96E71DC2 /* ExerciseSuppression.swift */; };
		29C3BF21639F950B8C1C9A6A /* ExerciseIntensity.swift in Sources */ = {isa = PBXBuildFile; fileRef = E2947E0AD9572915BC1AA8DC /* ExerciseIntensity.swift */; };
		70A1B22BDEFF77D6DDA234B8 /* HRCeiling.swift in Sources */ = {isa = PBXBuildFile; fileRef = 7C5036107B88E8AD2B0D89CE /* HRCeiling.swift */; };
		4516A3624454CAF6AFEFA8D9 /* ActivityClass.swift in Sources */ = {isa = PBXBuildFile; fileRef = 4818A387CECCADE5C48195E6 /* ActivityClass.swift */; };
		A152 /* ActivityImpact.swift in Sources */ = {isa = PBXBuildFile; fileRef = F152 /* ActivityImpact.swift */; };
		A153 /* PracticeImpactMeter.swift in Sources */ = {isa = PBXBuildFile; fileRef = F153 /* PracticeImpactMeter.swift */; };
		A154 /* MetricProgressRow.swift in Sources */ = {isa = PBXBuildFile; fileRef = F154 /* MetricProgressRow.swift */; };
		A155 /* HeartRateCompute.swift in Sources */ = {isa = PBXBuildFile; fileRef = F155 /* HeartRateCompute.swift */; };
		A160 /* ClientProfile.swift in Sources */ = {isa = PBXBuildFile; fileRef = F160 /* ClientProfile.swift */; };
		A161 /* OnboardingFlow.swift in Sources */ = {isa = PBXBuildFile; fileRef = F161 /* OnboardingFlow.swift */; };
		A162 /* OnboardingScreens.swift in Sources */ = {isa = PBXBuildFile; fileRef = F162 /* OnboardingScreens.swift */; };
		A199 /* LiveStateInsight.swift in Sources */ = {isa = PBXBuildFile; fileRef = F199 /* LiveStateInsight.swift */; };
		A200 /* Practice.swift in Sources */ = {isa = PBXBuildFile; fileRef = F200 /* Practice.swift */; };
		A201 /* PracticeCatalog.swift in Sources */ = {isa = PBXBuildFile; fileRef = F201 /* PracticeCatalog.swift */; };
		A202 /* AutonomicCompute.swift in Sources */ = {isa = PBXBuildFile; fileRef = F202 /* AutonomicCompute.swift */; };
		A203 /* ActivityLogging.swift in Sources */ = {isa = PBXBuildFile; fileRef = F203 /* ActivityLogging.swift */; };
		A204 /* PracticeHubView.swift in Sources */ = {isa = PBXBuildFile; fileRef = F204 /* PracticeHubView.swift */; };
		A205 /* PracticeDetailView.swift in Sources */ = {isa = PBXBuildFile; fileRef = F205 /* PracticeDetailView.swift */; };
		A206 /* ResonanceSessionView.swift in Sources */ = {isa = PBXBuildFile; fileRef = F206 /* ResonanceSessionView.swift */; };
		A207 /* BiofeedbackSessionView.swift in Sources */ = {isa = PBXBuildFile; fileRef = F207 /* BiofeedbackSessionView.swift */; };
		A208 /* ActivityUploader.swift in Sources */ = {isa = PBXBuildFile; fileRef = F208 /* ActivityUploader.swift */; };
		A261 /* FeltStateLogUploader.swift in Sources */ = {isa = PBXBuildFile; fileRef = F261 /* FeltStateLogUploader.swift */; };
		A209 /* MotionCompute.swift in Sources */ = {isa = PBXBuildFile; fileRef = F209 /* MotionCompute.swift */; };
		A210 /* AnchorDetector.swift in Sources */ = {isa = PBXBuildFile; fileRef = F210 /* AnchorDetector.swift */; };
		A211 /* DailyAnchor.swift in Sources */ = {isa = PBXBuildFile; fileRef = F211 /* DailyAnchor.swift */; };
		A260 /* FeltStateLog.swift in Sources */ = {isa = PBXBuildFile; fileRef = F260 /* FeltStateLog.swift */; };
		A213 /* AnchorBaseline.swift in Sources */ = {isa = PBXBuildFile; fileRef = F213 /* AnchorBaseline.swift */; };
		A214 /* PotentialScore.swift in Sources */ = {isa = PBXBuildFile; fileRef = F214 /* PotentialScore.swift */; };
		A215 /* StreakCompute.swift in Sources */ = {isa = PBXBuildFile; fileRef = F215 /* StreakCompute.swift */; };
		A216 /* TrendShapeCompute.swift in Sources */ = {isa = PBXBuildFile; fileRef = F216 /* TrendShapeCompute.swift */; };
		A217 /* DayPotentialInsight.swift in Sources */ = {isa = PBXBuildFile; fileRef = F217 /* DayPotentialInsight.swift */; };
		A218 /* DayLoadSummary.swift in Sources */ = {isa = PBXBuildFile; fileRef = F218 /* DayLoadSummary.swift */; };
		A219 /* DayPotentialStore.swift in Sources */ = {isa = PBXBuildFile; fileRef = F219 /* DayPotentialStore.swift */; };
		A220 /* DayPotentialStrip.swift in Sources */ = {isa = PBXBuildFile; fileRef = F220 /* DayPotentialStrip.swift */; };
		A221 /* NudgeSampleBuffer.swift in Sources */ = {isa = PBXBuildFile; fileRef = F221 /* NudgeSampleBuffer.swift */; };
		A222 /* NudgeSignals.swift in Sources */ = {isa = PBXBuildFile; fileRef = F222 /* NudgeSignals.swift */; };
		A230 /* ActivityDetailView.swift in Sources */ = {isa = PBXBuildFile; fileRef = F230 /* ActivityDetailView.swift */; };
		A231 /* ActivityFormSheets.swift in Sources */ = {isa = PBXBuildFile; fileRef = F231 /* ActivityFormSheets.swift */; };
		A240 /* DailyRollup.swift in Sources */ = {isa = PBXBuildFile; fileRef = F240 /* DailyRollup.swift */; };
		A241 /* ExerciseVeto.swift in Sources */ = {isa = PBXBuildFile; fileRef = F241 /* ExerciseVeto.swift */; };
		A242 /* NudgeTriggers.swift in Sources */ = {isa = PBXBuildFile; fileRef = F242 /* NudgeTriggers.swift */; };
		A243 /* NudgeGating.swift in Sources */ = {isa = PBXBuildFile; fileRef = F243 /* NudgeGating.swift */; };
		A244 /* NudgeEngine.swift in Sources */ = {isa = PBXBuildFile; fileRef = F244 /* NudgeEngine.swift */; };
		A245 /* NudgeCopy.swift in Sources */ = {isa = PBXBuildFile; fileRef = F245 /* NudgeCopy.swift */; };
		A246 /* NudgeNotification.swift in Sources */ = {isa = PBXBuildFile; fileRef = F246 /* NudgeNotification.swift */; };
		A247 /* NudgeRouting.swift in Sources */ = {isa = PBXBuildFile; fileRef = F247 /* NudgeRouting.swift */; };
		A248 /* NudgeTimerView.swift in Sources */ = {isa = PBXBuildFile; fileRef = F248 /* NudgeTimerView.swift */; };
		A249 /* NudgeCardView.swift in Sources */ = {isa = PBXBuildFile; fileRef = F249 /* NudgeCardView.swift */; };
		ARES1 /* Assets.xcassets in Resources */ = {isa = PBXBuildFile; fileRef = FRES1 /* Assets.xcassets */; };
		ARES2 /* PrivacyInfo.xcprivacy in Resources */ = {isa = PBXBuildFile; fileRef = FRES2 /* PrivacyInfo.xcprivacy */; };
		AT01 /* MetricsTests.swift in Sources */ = {isa = PBXBuildFile; fileRef = FT01 /* MetricsTests.swift */; };
		AT02 /* BLETests.swift in Sources */ = {isa = PBXBuildFile; fileRef = FT02 /* BLETests.swift */; };
		AT03 /* ECGQualityComputeTests.swift in Sources */ = {isa = PBXBuildFile; fileRef = FT03 /* ECGQualityComputeTests.swift */; };
		AT04 /* InsightGeneratorTests.swift in Sources */ = {isa = PBXBuildFile; fileRef = FT04 /* InsightGeneratorTests.swift */; };
		AT05 /* LiveStateTrendComputeTests.swift in Sources */ = {isa = PBXBuildFile; fileRef = FT05 /* LiveStateTrendComputeTests.swift */; };
		AT06 /* PayloadBuilderTests.swift in Sources */ = {isa = PBXBuildFile; fileRef = FT06 /* PayloadBuilderTests.swift */; };
		AT07 /* ActivityMetricStatsTests.swift in Sources */ = {isa = PBXBuildFile; fileRef = FT07 /* ActivityMetricStatsTests.swift */; };
		AT10 /* ClientProfileTests.swift in Sources */ = {isa = PBXBuildFile; fileRef = FT10 /* ClientProfileTests.swift */; };
		AT11 /* PracticeCatalogTests.swift in Sources */ = {isa = PBXBuildFile; fileRef = FT11 /* PracticeCatalogTests.swift */; };
		AT12 /* MotionComputeTests.swift in Sources */ = {isa = PBXBuildFile; fileRef = FT12 /* MotionComputeTests.swift */; };
		AT13 /* AnchorDetectorTests.swift in Sources */ = {isa = PBXBuildFile; fileRef = FT13 /* AnchorDetectorTests.swift */; };
		AT43 /* AnchorBackfillTests.swift in Sources */ = {isa = PBXBuildFile; fileRef = FT43 /* AnchorBackfillTests.swift */; };
		AT14 /* AnchorBaselineTests.swift in Sources */ = {isa = PBXBuildFile; fileRef = FT14 /* AnchorBaselineTests.swift */; };
		AT15 /* PotentialScoreTests.swift in Sources */ = {isa = PBXBuildFile; fileRef = FT15 /* PotentialScoreTests.swift */; };
		AT16 /* StreakComputeTests.swift in Sources */ = {isa = PBXBuildFile; fileRef = FT16 /* StreakComputeTests.swift */; };
		AT44 /* TrackCacheTests.swift in Sources */ = {isa = PBXBuildFile; fileRef = FT44 /* TrackCacheTests.swift */; };
		AT45 /* TrackPeriodTests.swift in Sources */ = {isa = PBXBuildFile; fileRef = FT45 /* TrackPeriodTests.swift */; };
		AT46 /* TrackMetricSpecTests.swift in Sources */ = {isa = PBXBuildFile; fileRef = FT46 /* TrackMetricSpecTests.swift */; };
		AT47 /* TrackSeriesBuilderTests.swift in Sources */ = {isa = PBXBuildFile; fileRef = FT47 /* TrackSeriesBuilderTests.swift */; };
		AT48 /* ConsistencySummaryTests.swift in Sources */ = {isa = PBXBuildFile; fileRef = FT48 /* ConsistencySummaryTests.swift */; };
		AT40 /* RSAComputeTests.swift in Sources */ = {isa = PBXBuildFile; fileRef = FT40 /* RSAComputeTests.swift */; };
		AT41 /* WelchPSDParsevalTests.swift in Sources */ = {isa = PBXBuildFile; fileRef = FT41 /* WelchPSDParsevalTests.swift */; };
		AT42 /* MetricsQualityFilterTests.swift in Sources */ = {isa = PBXBuildFile; fileRef = FT42 /* MetricsQualityFilterTests.swift */; };
		ATCS /* ChartSegmenterTests.swift in Sources */ = {isa = PBXBuildFile; fileRef = FTCS /* ChartSegmenterTests.swift */; };
		AT49 /* ConsistencyCardTests.swift in Sources */ = {isa = PBXBuildFile; fileRef = FT49 /* ConsistencyCardTests.swift */; };
		A50 /* LiveMetric.swift in Sources */ = {isa = PBXBuildFile; fileRef = F50 /* LiveMetric.swift */; };
		AT51 /* LiveMetricTests.swift in Sources */ = {isa = PBXBuildFile; fileRef = FT51 /* LiveMetricTests.swift */; };
		A51 /* LiveBaseline.swift in Sources */ = {isa = PBXBuildFile; fileRef = F51 /* LiveBaseline.swift */; };
		AT52 /* LiveBaselineTests.swift in Sources */ = {isa = PBXBuildFile; fileRef = FT52 /* LiveBaselineTests.swift */; };
		A54 /* LiveReading.swift in Sources */ = {isa = PBXBuildFile; fileRef = F54 /* LiveReading.swift */; };
		AT55 /* LiveReadingTests.swift in Sources */ = {isa = PBXBuildFile; fileRef = FT55 /* LiveReadingTests.swift */; };
		A56 /* LiveStateClassifier.swift in Sources */ = {isa = PBXBuildFile; fileRef = F56 /* LiveStateClassifier.swift */; };
		A57 /* LiveStateCopy.swift in Sources */ = {isa = PBXBuildFile; fileRef = F57 /* LiveStateCopy.swift */; };
		AT57 /* LiveStateClassifierTests.swift in Sources */ = {isa = PBXBuildFile; fileRef = FT57 /* LiveStateClassifierTests.swift */; };
		AT58 /* LiveStateCopyTests.swift in Sources */ = {isa = PBXBuildFile; fileRef = FT58 /* LiveStateCopyTests.swift */; };
		AT59 /* LiveStateStoreTests.swift in Sources */ = {isa = PBXBuildFile; fileRef = FT59 /* LiveStateStoreTests.swift */; };
		AT17 /* TrendShapeComputeTests.swift in Sources */ = {isa = PBXBuildFile; fileRef = FT17 /* TrendShapeComputeTests.swift */; };
		AT18 /* DayPotentialInsightTests.swift in Sources */ = {isa = PBXBuildFile; fileRef = FT18 /* DayPotentialInsightTests.swift */; };
		AT19 /* DayLoadSummaryTests.swift in Sources */ = {isa = PBXBuildFile; fileRef = FT19 /* DayLoadSummaryTests.swift */; };
		AT20 /* DayPotentialStateTests.swift in Sources */ = {isa = PBXBuildFile; fileRef = FT20 /* DayPotentialStateTests.swift */; };
		AT21 /* NudgeSampleBufferTests.swift in Sources */ = {isa = PBXBuildFile; fileRef = FT21 /* NudgeSampleBufferTests.swift */; };
		AT22 /* NudgeSignalsTests.swift in Sources */ = {isa = PBXBuildFile; fileRef = FT22 /* NudgeSignalsTests.swift */; };
		AT23 /* DurationPresetTests.swift in Sources */ = {isa = PBXBuildFile; fileRef = FT23 /* DurationPresetTests.swift */; };
		AT24 /* ActivityTargetTests.swift in Sources */ = {isa = PBXBuildFile; fileRef = FT24 /* ActivityTargetTests.swift */; };
		AT25 /* SubtypeMemoryTests.swift in Sources */ = {isa = PBXBuildFile; fileRef = FT25 /* SubtypeMemoryTests.swift */; };
		AT26 /* ImpactDeltaTests.swift in Sources */ = {isa = PBXBuildFile; fileRef = FT26 /* ImpactDeltaTests.swift */; };
		AT30 /* DailyRollupTests.swift in Sources */ = {isa = PBXBuildFile; fileRef = FT30 /* DailyRollupTests.swift */; };
		AT31 /* NudgeFixture.swift in Sources */ = {isa = PBXBuildFile; fileRef = FT31 /* NudgeFixture.swift */; };
		AT32 /* ExerciseVetoTests.swift in Sources */ = {isa = PBXBuildFile; fileRef = FT32 /* ExerciseVetoTests.swift */; };
		AT33 /* NudgeTriggersTests.swift in Sources */ = {isa = PBXBuildFile; fileRef = FT33 /* NudgeTriggersTests.swift */; };
		AT34 /* NudgeGatingTests.swift in Sources */ = {isa = PBXBuildFile; fileRef = FT34 /* NudgeGatingTests.swift */; };
		AT35 /* NudgeEngineTests.swift in Sources */ = {isa = PBXBuildFile; fileRef = FT35 /* NudgeEngineTests.swift */; };
		AT36 /* NudgeCopyTests.swift in Sources */ = {isa = PBXBuildFile; fileRef = FT36 /* NudgeCopyTests.swift */; };
		AT37 /* NudgeNotificationTests.swift in Sources */ = {isa = PBXBuildFile; fileRef = FT37 /* NudgeNotificationTests.swift */; };
		BB44FFFA4FD2ED2B440F60EA /* UsageEventLog.swift in Sources */ = {isa = PBXBuildFile; fileRef = 679350D1BBA9E9E28C249EC1 /* UsageEventLog.swift */; };
		F7233A74A7B0B97C62834AF5 /* PracticeImpactGauge.swift in Sources */ = {isa = PBXBuildFile; fileRef = 5157D6102C251A37AF413C96 /* PracticeImpactGauge.swift */; };
		A6E1AF270813ABED5CDABAE7 /* ExerciseScoreGauge.swift in Sources */ = {isa = PBXBuildFile; fileRef = C21C1F6442376CD6F03ABFA9 /* ExerciseScoreGauge.swift */; };
		AT38 /* UsageUploaderTests.swift in Sources */ = {isa = PBXBuildFile; fileRef = FT38 /* UsageUploaderTests.swift */; };
/* End PBXBuildFile section */

/* Begin PBXContainerItemProxy section */
		520563AE2F70993A00075CAD /* PBXContainerItemProxy */ = {
			isa = PBXContainerItemProxy;
			containerPortal = PROJ /* Project object */;
			proxyType = 1;
			remoteGlobalIDString = TAPP;
			remoteInfo = Wythin;
		};
/* End PBXContainerItemProxy section */

/* Begin PBXFileReference section */
		12BB690F25F54B750AA42F4A /* ActivityTypeTests.swift */ = {isa = PBXFileReference; lastKnownFileType = sourcecode.swift; path = ActivityTypeTests.swift; sourceTree = "<group>"; };
		15D3EA5CFE5E1DCAD9EBBC56 /* ReserveSpanTests.swift */ = {isa = PBXFileReference; lastKnownFileType = sourcecode.swift; path = ReserveSpanTests.swift; sourceTree = "<group>"; };
		AA68B985D14FE086BD69C11C /* SessionCoachSummaryTests.swift */ = {isa = PBXFileReference; lastKnownFileType = sourcecode.swift; path = SessionCoachSummaryTests.swift; sourceTree = "<group>"; };
		9B181363D6A49186F45A2EDC /* SessionTimelineSeriesTests.swift */ = {isa = PBXFileReference; lastKnownFileType = sourcecode.swift; path = SessionTimelineSeriesTests.swift; sourceTree = "<group>"; };
		CF856CA50617E0CE83FF3277 /* ExerciseOverallScoreTests.swift */ = {isa = PBXFileReference; lastKnownFileType = sourcecode.swift; path = ExerciseOverallScoreTests.swift; sourceTree = "<group>"; };
		C72030D576025334DD476BE4 /* ExerciseResponsePersistenceTests.swift */ = {isa = PBXFileReference; lastKnownFileType = sourcecode.swift; path = ExerciseResponsePersistenceTests.swift; sourceTree = "<group>"; };
		F977D374481218BF8B51F781 /* ExerciseResponseTests.swift */ = {isa = PBXFileReference; lastKnownFileType = sourcecode.swift; path = ExerciseResponseTests.swift; sourceTree = "<group>"; };
		4DE28E0D3E8F7AC97F87B585 /* ExerciseSuppressionTests.swift */ = {isa = PBXFileReference; lastKnownFileType = sourcecode.swift; path = ExerciseSuppressionTests.swift; sourceTree = "<group>"; };
		95B9519E06B06D323F47D5B1 /* ExerciseIntensityTests.swift */ = {isa = PBXFileReference; lastKnownFileType = sourcecode.swift; path = ExerciseIntensityTests.swift; sourceTree = "<group>"; };
		CCEA22F3FB1E016118D8EE01 /* HRCeilingTests.swift */ = {isa = PBXFileReference; lastKnownFileType = sourcecode.swift; path = HRCeilingTests.swift; sourceTree = "<group>"; };
		20866A7D973F59840EBFADEE /* ActivityClassTests.swift */ = {isa = PBXFileReference; lastKnownFileType = sourcecode.swift; path = ActivityClassTests.swift; sourceTree = "<group>"; };
		5157D6102C251A37AF413C96 /* PracticeImpactGauge.swift */ = {isa = PBXFileReference; includeInIndex = 1; lastKnownFileType = sourcecode.swift; path = PracticeImpactGauge.swift; sourceTree = "<group>"; };
		C21C1F6442376CD6F03ABFA9 /* ExerciseScoreGauge.swift */ = {isa = PBXFileReference; includeInIndex = 1; lastKnownFileType = sourcecode.swift; path = ExerciseScoreGauge.swift; sourceTree = "<group>"; };
		679350D1BBA9E9E28C249EC1 /* UsageEventLog.swift */ = {isa = PBXFileReference; includeInIndex = 1; lastKnownFileType = sourcecode.swift; path = UsageEventLog.swift; sourceTree = "<group>"; };
		F101 /* WythinApp.swift */ = {isa = PBXFileReference; lastKnownFileType = sourcecode.swift; path = WythinApp.swift; sourceTree = "<group>"; };
		F102 /* AppEnvironment.swift */ = {isa = PBXFileReference; lastKnownFileType = sourcecode.swift; path = AppEnvironment.swift; sourceTree = "<group>"; };
		F103 /* BLEService.swift */ = {isa = PBXFileReference; lastKnownFileType = sourcecode.swift; path = BLEService.swift; sourceTree = "<group>"; };
		F104 /* PolarH10Profile.swift */ = {isa = PBXFileReference; lastKnownFileType = sourcecode.swift; path = PolarH10Profile.swift; sourceTree = "<group>"; };
		F105 /* DataBuffer.swift */ = {isa = PBXFileReference; lastKnownFileType = sourcecode.swift; path = DataBuffer.swift; sourceTree = "<group>"; };
		F106 /* MetricsEngine.swift */ = {isa = PBXFileReference; lastKnownFileType = sourcecode.swift; path = MetricsEngine.swift; sourceTree = "<group>"; };
		F107 /* HRVCompute.swift */ = {isa = PBXFileReference; lastKnownFileType = sourcecode.swift; path = HRVCompute.swift; sourceTree = "<group>"; };
		F108 /* RSACompute.swift */ = {isa = PBXFileReference; lastKnownFileType = sourcecode.swift; path = RSACompute.swift; sourceTree = "<group>"; };
		F109 /* BreathingCompute.swift */ = {isa = PBXFileReference; lastKnownFileType = sourcecode.swift; path = BreathingCompute.swift; sourceTree = "<group>"; };
		F110 /* CoherenceCompute.swift */ = {isa = PBXFileReference; lastKnownFileType = sourcecode.swift; path = CoherenceCompute.swift; sourceTree = "<group>"; };
		F111 /* SyncService.swift */ = {isa = PBXFileReference; lastKnownFileType = sourcecode.swift; path = SyncService.swift; sourceTree = "<group>"; };
		F112 /* APIClient.swift */ = {isa = PBXFileReference; lastKnownFileType = sourcecode.swift; path = APIClient.swift; sourceTree = "<group>"; };
		F113 /* SessionUploader.swift */ = {isa = PBXFileReference; lastKnownFileType = sourcecode.swift; path = SessionUploader.swift; sourceTree = "<group>"; };
		F114 /* HRVSession.swift */ = {isa = PBXFileReference; lastKnownFileType = sourcecode.swift; path = HRVSession.swift; sourceTree = "<group>"; };
		F115 /* HRVSample.swift */ = {isa = PBXFileReference; lastKnownFileType = sourcecode.swift; path = HRVSample.swift; sourceTree = "<group>"; };
		F116 /* ResonanceResult.swift */ = {isa = PBXFileReference; lastKnownFileType = sourcecode.swift; path = ResonanceResult.swift; sourceTree = "<group>"; };
		F117 /* Theme.swift */ = {isa = PBXFileReference; lastKnownFileType = sourcecode.swift; path = Theme.swift; sourceTree = "<group>"; };
		F118 /* WaveformRenderer.swift */ = {isa = PBXFileReference; lastKnownFileType = sourcecode.swift; path = WaveformRenderer.swift; sourceTree = "<group>"; };
		F119 /* LiveView.swift */ = {isa = PBXFileReference; lastKnownFileType = sourcecode.swift; path = LiveView.swift; sourceTree = "<group>"; };
		F120 /* ECGWaveformView.swift */ = {isa = PBXFileReference; lastKnownFileType = sourcecode.swift; path = ECGWaveformView.swift; sourceTree = "<group>"; };
		F122 /* HeartBeatView.swift */ = {isa = PBXFileReference; lastKnownFileType = sourcecode.swift; path = HeartBeatView.swift; sourceTree = "<group>"; };
		F123 /* ResonateView.swift */ = {isa = PBXFileReference; lastKnownFileType = sourcecode.swift; path = ResonateView.swift; sourceTree = "<group>"; };
		F124 /* PacerCircleView.swift */ = {isa = PBXFileReference; lastKnownFileType = sourcecode.swift; path = PacerCircleView.swift; sourceTree = "<group>"; };
		F126 /* SettingsView.swift */ = {isa = PBXFileReference; lastKnownFileType = sourcecode.swift; path = SettingsView.swift; sourceTree = "<group>"; };
		F127 /* MetricsHistoryPoint.swift */ = {isa = PBXFileReference; lastKnownFileType = sourcecode.swift; path = MetricsHistoryPoint.swift; sourceTree = "<group>"; };
		F240 /* DailyRollup.swift */ = {isa = PBXFileReference; lastKnownFileType = sourcecode.swift; path = DailyRollup.swift; sourceTree = "<group>"; };
		F251 /* TrackCache.swift */ = {isa = PBXFileReference; lastKnownFileType = sourcecode.swift; path = TrackCache.swift; sourceTree = "<group>"; };
		F252 /* TrackPeriod.swift */ = {isa = PBXFileReference; lastKnownFileType = sourcecode.swift; path = TrackPeriod.swift; sourceTree = "<group>"; };
		F253 /* TrackMetricSpec.swift */ = {isa = PBXFileReference; lastKnownFileType = sourcecode.swift; path = TrackMetricSpec.swift; sourceTree = "<group>"; };
		F254 /* TrackSeriesBuilder.swift */ = {isa = PBXFileReference; lastKnownFileType = sourcecode.swift; path = TrackSeriesBuilder.swift; sourceTree = "<group>"; };
		F255 /* ConsistencySummary.swift */ = {isa = PBXFileReference; lastKnownFileType = sourcecode.swift; path = ConsistencySummary.swift; sourceTree = "<group>"; };
		F256 /* TrackPeriodBar.swift */ = {isa = PBXFileReference; lastKnownFileType = sourcecode.swift; path = TrackPeriodBar.swift; sourceTree = "<group>"; };
		F257 /* MacroReadCard.swift */ = {isa = PBXFileReference; lastKnownFileType = sourcecode.swift; path = MacroReadCard.swift; sourceTree = "<group>"; };
		F258 /* TrackMetricChartCard.swift */ = {isa = PBXFileReference; lastKnownFileType = sourcecode.swift; path = TrackMetricChartCard.swift; sourceTree = "<group>"; };
		F259 /* ConsistencyCard.swift */ = {isa = PBXFileReference; lastKnownFileType = sourcecode.swift; path = ConsistencyCard.swift; sourceTree = "<group>"; };
		F250 /* TrackView.swift */ = {isa = PBXFileReference; lastKnownFileType = sourcecode.swift; path = TrackView.swift; sourceTree = "<group>"; };
		F128 /* MetricsChartsView.swift */ = {isa = PBXFileReference; lastKnownFileType = sourcecode.swift; path = MetricsChartsView.swift; sourceTree = "<group>"; };
		F129 /* ACCWaveformView.swift */ = {isa = PBXFileReference; lastKnownFileType = sourcecode.swift; path = ACCWaveformView.swift; sourceTree = "<group>"; };
		F130 /* RRTachogramView.swift */ = {isa = PBXFileReference; lastKnownFileType = sourcecode.swift; path = RRTachogramView.swift; sourceTree = "<group>"; };
		F131 /* HRVAnalysisView.swift */ = {isa = PBXFileReference; lastKnownFileType = sourcecode.swift; path = HRVAnalysisView.swift; sourceTree = "<group>"; };
		F132 /* SplashView.swift */ = {isa = PBXFileReference; lastKnownFileType = sourcecode.swift; path = SplashView.swift; sourceTree = "<group>"; };
		F133 /* BLENavButton.swift */ = {isa = PBXFileReference; lastKnownFileType = sourcecode.swift; path = BLENavButton.swift; sourceTree = "<group>"; };
		F134 /* BiofeedbackViews.swift */ = {isa = PBXFileReference; lastKnownFileType = sourcecode.swift; path = BiofeedbackViews.swift; sourceTree = "<group>"; };
		F135 /* TrainSession.swift */ = {isa = PBXFileReference; lastKnownFileType = sourcecode.swift; path = TrainSession.swift; sourceTree = "<group>"; };
		F136 /* ActivityLog.swift */ = {isa = PBXFileReference; lastKnownFileType = sourcecode.swift; path = ActivityLog.swift; sourceTree = "<group>"; };
		F137 /* ActivitiesView.swift */ = {isa = PBXFileReference; lastKnownFileType = sourcecode.swift; path = ActivitiesView.swift; sourceTree = "<group>"; };
		2C610ECB383624DF3DB2E902 /* ExerciseLogRow.swift */ = {isa = PBXFileReference; lastKnownFileType = sourcecode.swift; path = ExerciseLogRow.swift; sourceTree = "<group>"; };
		10284DCB6D50B66249C5AB82 /* ActivityLogRow.swift */ = {isa = PBXFileReference; lastKnownFileType = sourcecode.swift; path = ActivityLogRow.swift; sourceTree = "<group>"; };
		F138 /* PolyvagalState.swift */ = {isa = PBXFileReference; lastKnownFileType = sourcecode.swift; path = PolyvagalState.swift; sourceTree = "<group>"; };
		F139 /* CurrentStateCard.swift */ = {isa = PBXFileReference; lastKnownFileType = sourcecode.swift; path = CurrentStateCard.swift; sourceTree = "<group>"; };
		F140 /* RecommendedActionCard.swift */ = {isa = PBXFileReference; lastKnownFileType = sourcecode.swift; path = RecommendedActionCard.swift; sourceTree = "<group>"; };
		F141 /* DFACompute.swift */ = {isa = PBXFileReference; lastKnownFileType = sourcecode.swift; path = DFACompute.swift; sourceTree = "<group>"; };
		F142 /* AdvancedHRVCompute.swift */ = {isa = PBXFileReference; lastKnownFileType = sourcecode.swift; path = AdvancedHRVCompute.swift; sourceTree = "<group>"; };
		F143 /* ECGQualityCompute.swift */ = {isa = PBXFileReference; lastKnownFileType = sourcecode.swift; path = ECGQualityCompute.swift; sourceTree = "<group>"; };
		F144 /* SignalQualityTier+Theme.swift */ = {isa = PBXFileReference; lastKnownFileType = sourcecode.swift; path = "SignalQualityTier+Theme.swift"; sourceTree = "<group>"; };
		F145 /* InsightGenerator.swift */ = {isa = PBXFileReference; lastKnownFileType = sourcecode.swift; path = InsightGenerator.swift; sourceTree = "<group>"; };
		F146 /* LiveStateTrendCompute.swift */ = {isa = PBXFileReference; lastKnownFileType = sourcecode.swift; path = LiveStateTrendCompute.swift; sourceTree = "<group>"; };
		F147 /* LiveStateWidget.swift */ = {isa = PBXFileReference; lastKnownFileType = sourcecode.swift; path = LiveStateWidget.swift; sourceTree = "<group>"; };
		F148 /* MetricTile.swift */ = {isa = PBXFileReference; lastKnownFileType = sourcecode.swift; path = MetricTile.swift; sourceTree = "<group>"; };
		F149 /* ActivityMetricsGrid.swift */ = {isa = PBXFileReference; lastKnownFileType = sourcecode.swift; path = ActivityMetricsGrid.swift; sourceTree = "<group>"; };
		F150 /* ActivityWindowChart.swift */ = {isa = PBXFileReference; lastKnownFileType = sourcecode.swift; path = ActivityWindowChart.swift; sourceTree = "<group>"; };
		6FAD5A571618CC30124B0A6D /* RecoveryCurveChart.swift */ = {isa = PBXFileReference; lastKnownFileType = sourcecode.swift; path = RecoveryCurveChart.swift; sourceTree = "<group>"; };
		BEEE9F1E89C1080D7968C81F /* CostScatterChart.swift */ = {isa = PBXFileReference; lastKnownFileType = sourcecode.swift; path = CostScatterChart.swift; sourceTree = "<group>"; };
		EAFB2854BF564659AB44437A /* ExerciseDetailView.swift */ = {isa = PBXFileReference; lastKnownFileType = sourcecode.swift; path = ExerciseDetailView.swift; sourceTree = "<group>"; };
		8DB14932B2654296DD711453 /* IntensityDomainBar.swift */ = {isa = PBXFileReference; lastKnownFileType = sourcecode.swift; path = IntensityDomainBar.swift; sourceTree = "<group>"; };
		EB3DAF0C092FF0CCF91FDF70 /* SessionTimelineChart.swift */ = {isa = PBXFileReference; lastKnownFileType = sourcecode.swift; path = SessionTimelineChart.swift; sourceTree = "<group>"; };
		F151 /* ActivityMetricStats.swift */ = {isa = PBXFileReference; lastKnownFileType = sourcecode.swift; path = ActivityMetricStats.swift; sourceTree = "<group>"; };
		1D2DA763415A735C4235EAC3 /* ReserveSpan.swift */ = {isa = PBXFileReference; lastKnownFileType = sourcecode.swift; path = ReserveSpan.swift; sourceTree = "<group>"; };
		0D12AFB7E233F1788DF1389B /* SessionCoachSummary.swift */ = {isa = PBXFileReference; lastKnownFileType = sourcecode.swift; path = SessionCoachSummary.swift; sourceTree = "<group>"; };
		5E5294EDF227D9A9088C3CF9 /* SessionTimelineSeries.swift */ = {isa = PBXFileReference; lastKnownFileType = sourcecode.swift; path = SessionTimelineSeries.swift; sourceTree = "<group>"; };
		5DE74DCE97C4E46327F3DF50 /* ExerciseOverallScore.swift */ = {isa = PBXFileReference; lastKnownFileType = sourcecode.swift; path = ExerciseOverallScore.swift; sourceTree = "<group>"; };
		2BCF24B05B61179BE85725B6 /* ExerciseResponse.swift */ = {isa = PBXFileReference; lastKnownFileType = sourcecode.swift; path = ExerciseResponse.swift; sourceTree = "<group>"; };
		2347BCF92FF25D4B96E71DC2 /* ExerciseSuppression.swift */ = {isa = PBXFileReference; lastKnownFileType = sourcecode.swift; path = ExerciseSuppression.swift; sourceTree = "<group>"; };
		E2947E0AD9572915BC1AA8DC /* ExerciseIntensity.swift */ = {isa = PBXFileReference; lastKnownFileType = sourcecode.swift; path = ExerciseIntensity.swift; sourceTree = "<group>"; };
		7C5036107B88E8AD2B0D89CE /* HRCeiling.swift */ = {isa = PBXFileReference; lastKnownFileType = sourcecode.swift; path = HRCeiling.swift; sourceTree = "<group>"; };
		4818A387CECCADE5C48195E6 /* ActivityClass.swift */ = {isa = PBXFileReference; lastKnownFileType = sourcecode.swift; path = ActivityClass.swift; sourceTree = "<group>"; };
		F152 /* ActivityImpact.swift */ = {isa = PBXFileReference; lastKnownFileType = sourcecode.swift; path = ActivityImpact.swift; sourceTree = "<group>"; };
		F153 /* PracticeImpactMeter.swift */ = {isa = PBXFileReference; lastKnownFileType = sourcecode.swift; path = PracticeImpactMeter.swift; sourceTree = "<group>"; };
		F154 /* MetricProgressRow.swift */ = {isa = PBXFileReference; lastKnownFileType = sourcecode.swift; path = MetricProgressRow.swift; sourceTree = "<group>"; };
		F155 /* HeartRateCompute.swift */ = {isa = PBXFileReference; lastKnownFileType = sourcecode.swift; path = HeartRateCompute.swift; sourceTree = "<group>"; };
		F160 /* ClientProfile.swift */ = {isa = PBXFileReference; lastKnownFileType = sourcecode.swift; path = ClientProfile.swift; sourceTree = "<group>"; };
		F161 /* OnboardingFlow.swift */ = {isa = PBXFileReference; lastKnownFileType = sourcecode.swift; path = OnboardingFlow.swift; sourceTree = "<group>"; };
		F162 /* OnboardingScreens.swift */ = {isa = PBXFileReference; lastKnownFileType = sourcecode.swift; path = OnboardingScreens.swift; sourceTree = "<group>"; };
		F199 /* LiveStateInsight.swift */ = {isa = PBXFileReference; lastKnownFileType = sourcecode.swift; path = LiveStateInsight.swift; sourceTree = "<group>"; };
		F200 /* Practice.swift */ = {isa = PBXFileReference; lastKnownFileType = sourcecode.swift; path = Practice.swift; sourceTree = "<group>"; };
		F201 /* PracticeCatalog.swift */ = {isa = PBXFileReference; lastKnownFileType = sourcecode.swift; path = PracticeCatalog.swift; sourceTree = "<group>"; };
		F202 /* AutonomicCompute.swift */ = {isa = PBXFileReference; lastKnownFileType = sourcecode.swift; path = AutonomicCompute.swift; sourceTree = "<group>"; };
		F203 /* ActivityLogging.swift */ = {isa = PBXFileReference; lastKnownFileType = sourcecode.swift; path = ActivityLogging.swift; sourceTree = "<group>"; };
		F204 /* PracticeHubView.swift */ = {isa = PBXFileReference; lastKnownFileType = sourcecode.swift; path = PracticeHubView.swift; sourceTree = "<group>"; };
		F205 /* PracticeDetailView.swift */ = {isa = PBXFileReference; lastKnownFileType = sourcecode.swift; path = PracticeDetailView.swift; sourceTree = "<group>"; };
		F206 /* ResonanceSessionView.swift */ = {isa = PBXFileReference; lastKnownFileType = sourcecode.swift; path = ResonanceSessionView.swift; sourceTree = "<group>"; };
		F207 /* BiofeedbackSessionView.swift */ = {isa = PBXFileReference; lastKnownFileType = sourcecode.swift; path = BiofeedbackSessionView.swift; sourceTree = "<group>"; };
		F208 /* ActivityUploader.swift */ = {isa = PBXFileReference; lastKnownFileType = sourcecode.swift; path = ActivityUploader.swift; sourceTree = "<group>"; };
		F261 /* FeltStateLogUploader.swift */ = {isa = PBXFileReference; lastKnownFileType = sourcecode.swift; path = FeltStateLogUploader.swift; sourceTree = "<group>"; };
		F209 /* MotionCompute.swift */ = {isa = PBXFileReference; lastKnownFileType = sourcecode.swift; path = MotionCompute.swift; sourceTree = "<group>"; };
		F210 /* AnchorDetector.swift */ = {isa = PBXFileReference; lastKnownFileType = sourcecode.swift; path = AnchorDetector.swift; sourceTree = "<group>"; };
		F211 /* DailyAnchor.swift */ = {isa = PBXFileReference; lastKnownFileType = sourcecode.swift; path = DailyAnchor.swift; sourceTree = "<group>"; };
		F260 /* FeltStateLog.swift */ = {isa = PBXFileReference; lastKnownFileType = sourcecode.swift; path = FeltStateLog.swift; sourceTree = "<group>"; };
		F213 /* AnchorBaseline.swift */ = {isa = PBXFileReference; lastKnownFileType = sourcecode.swift; path = AnchorBaseline.swift; sourceTree = "<group>"; };
		F214 /* PotentialScore.swift */ = {isa = PBXFileReference; lastKnownFileType = sourcecode.swift; path = PotentialScore.swift; sourceTree = "<group>"; };
		F215 /* StreakCompute.swift */ = {isa = PBXFileReference; lastKnownFileType = sourcecode.swift; path = StreakCompute.swift; sourceTree = "<group>"; };
		F216 /* TrendShapeCompute.swift */ = {isa = PBXFileReference; lastKnownFileType = sourcecode.swift; path = TrendShapeCompute.swift; sourceTree = "<group>"; };
		F217 /* DayPotentialInsight.swift */ = {isa = PBXFileReference; lastKnownFileType = sourcecode.swift; path = DayPotentialInsight.swift; sourceTree = "<group>"; };
		F218 /* DayLoadSummary.swift */ = {isa = PBXFileReference; lastKnownFileType = sourcecode.swift; path = DayLoadSummary.swift; sourceTree = "<group>"; };
		F219 /* DayPotentialStore.swift */ = {isa = PBXFileReference; lastKnownFileType = sourcecode.swift; path = DayPotentialStore.swift; sourceTree = "<group>"; };
		F220 /* DayPotentialStrip.swift */ = {isa = PBXFileReference; lastKnownFileType = sourcecode.swift; path = DayPotentialStrip.swift; sourceTree = "<group>"; };
		F221 /* NudgeSampleBuffer.swift */ = {isa = PBXFileReference; lastKnownFileType = sourcecode.swift; path = NudgeSampleBuffer.swift; sourceTree = "<group>"; };
		F222 /* NudgeSignals.swift */ = {isa = PBXFileReference; lastKnownFileType = sourcecode.swift; path = NudgeSignals.swift; sourceTree = "<group>"; };
		F230 /* ActivityDetailView.swift */ = {isa = PBXFileReference; lastKnownFileType = sourcecode.swift; path = ActivityDetailView.swift; sourceTree = "<group>"; };
		F231 /* ActivityFormSheets.swift */ = {isa = PBXFileReference; lastKnownFileType = sourcecode.swift; path = ActivityFormSheets.swift; sourceTree = "<group>"; };
		F240 /* DailyRollup.swift */ = {isa = PBXFileReference; lastKnownFileType = sourcecode.swift; path = DailyRollup.swift; sourceTree = "<group>"; };
		F241 /* ExerciseVeto.swift */ = {isa = PBXFileReference; lastKnownFileType = sourcecode.swift; path = ExerciseVeto.swift; sourceTree = "<group>"; };
		F242 /* NudgeTriggers.swift */ = {isa = PBXFileReference; lastKnownFileType = sourcecode.swift; path = NudgeTriggers.swift; sourceTree = "<group>"; };
		F243 /* NudgeGating.swift */ = {isa = PBXFileReference; lastKnownFileType = sourcecode.swift; path = NudgeGating.swift; sourceTree = "<group>"; };
		F244 /* NudgeEngine.swift */ = {isa = PBXFileReference; lastKnownFileType = sourcecode.swift; path = NudgeEngine.swift; sourceTree = "<group>"; };
		F245 /* NudgeCopy.swift */ = {isa = PBXFileReference; lastKnownFileType = sourcecode.swift; path = NudgeCopy.swift; sourceTree = "<group>"; };
		F246 /* NudgeNotification.swift */ = {isa = PBXFileReference; lastKnownFileType = sourcecode.swift; path = NudgeNotification.swift; sourceTree = "<group>"; };
		F247 /* NudgeRouting.swift */ = {isa = PBXFileReference; lastKnownFileType = sourcecode.swift; path = NudgeRouting.swift; sourceTree = "<group>"; };
		F248 /* NudgeTimerView.swift */ = {isa = PBXFileReference; lastKnownFileType = sourcecode.swift; path = NudgeTimerView.swift; sourceTree = "<group>"; };
		F249 /* NudgeCardView.swift */ = {isa = PBXFileReference; lastKnownFileType = sourcecode.swift; path = NudgeCardView.swift; sourceTree = "<group>"; };
		FAPP /* Wythin.app */ = {isa = PBXFileReference; explicitFileType = wrapper.application; includeInIndex = 0; path = Wythin.app; sourceTree = BUILT_PRODUCTS_DIR; };
		FE6F0E9C8772030B86BA730E /* UsageUploader.swift */ = {isa = PBXFileReference; includeInIndex = 1; lastKnownFileType = sourcecode.swift; path = UsageUploader.swift; sourceTree = "<group>"; };
		FINFO /* Info.plist */ = {isa = PBXFileReference; lastKnownFileType = text.plist.xml; path = Info.plist; sourceTree = "<group>"; };
		FRES1 /* Assets.xcassets */ = {isa = PBXFileReference; lastKnownFileType = folder.assetcatalog; path = Assets.xcassets; sourceTree = "<group>"; };
		FRES2 /* PrivacyInfo.xcprivacy */ = {isa = PBXFileReference; lastKnownFileType = text.xml; path = PrivacyInfo.xcprivacy; sourceTree = "<group>"; };
		FT01 /* MetricsTests.swift */ = {isa = PBXFileReference; lastKnownFileType = sourcecode.swift; path = MetricsTests.swift; sourceTree = "<group>"; };
		FT02 /* BLETests.swift */ = {isa = PBXFileReference; lastKnownFileType = sourcecode.swift; path = BLETests.swift; sourceTree = "<group>"; };
		FT03 /* ECGQualityComputeTests.swift */ = {isa = PBXFileReference; lastKnownFileType = sourcecode.swift; path = ECGQualityComputeTests.swift; sourceTree = "<group>"; };
		FT04 /* InsightGeneratorTests.swift */ = {isa = PBXFileReference; lastKnownFileType = sourcecode.swift; path = InsightGeneratorTests.swift; sourceTree = "<group>"; };
		FT05 /* LiveStateTrendComputeTests.swift */ = {isa = PBXFileReference; lastKnownFileType = sourcecode.swift; path = LiveStateTrendComputeTests.swift; sourceTree = "<group>"; };
		FT06 /* PayloadBuilderTests.swift */ = {isa = PBXFileReference; lastKnownFileType = sourcecode.swift; path = PayloadBuilderTests.swift; sourceTree = "<group>"; };
		FT07 /* ActivityMetricStatsTests.swift */ = {isa = PBXFileReference; lastKnownFileType = sourcecode.swift; path = ActivityMetricStatsTests.swift; sourceTree = "<group>"; };
		FT10 /* ClientProfileTests.swift */ = {isa = PBXFileReference; lastKnownFileType = sourcecode.swift; path = ClientProfileTests.swift; sourceTree = "<group>"; };
		FT11 /* PracticeCatalogTests.swift */ = {isa = PBXFileReference; lastKnownFileType = sourcecode.swift; path = PracticeCatalogTests.swift; sourceTree = "<group>"; };
		FT12 /* MotionComputeTests.swift */ = {isa = PBXFileReference; lastKnownFileType = sourcecode.swift; path = MotionComputeTests.swift; sourceTree = "<group>"; };
		FT13 /* AnchorDetectorTests.swift */ = {isa = PBXFileReference; lastKnownFileType = sourcecode.swift; path = AnchorDetectorTests.swift; sourceTree = "<group>"; };
		FT43 /* AnchorBackfillTests.swift */ = {isa = PBXFileReference; lastKnownFileType = sourcecode.swift; path = AnchorBackfillTests.swift; sourceTree = "<group>"; };
		FT14 /* AnchorBaselineTests.swift */ = {isa = PBXFileReference; lastKnownFileType = sourcecode.swift; path = AnchorBaselineTests.swift; sourceTree = "<group>"; };
		FT15 /* PotentialScoreTests.swift */ = {isa = PBXFileReference; lastKnownFileType = sourcecode.swift; path = PotentialScoreTests.swift; sourceTree = "<group>"; };
		FT16 /* StreakComputeTests.swift */ = {isa = PBXFileReference; lastKnownFileType = sourcecode.swift; path = StreakComputeTests.swift; sourceTree = "<group>"; };
		FT44 /* TrackCacheTests.swift */ = {isa = PBXFileReference; lastKnownFileType = sourcecode.swift; path = TrackCacheTests.swift; sourceTree = "<group>"; };
		FT45 /* TrackPeriodTests.swift */ = {isa = PBXFileReference; lastKnownFileType = sourcecode.swift; path = TrackPeriodTests.swift; sourceTree = "<group>"; };
		FT46 /* TrackMetricSpecTests.swift */ = {isa = PBXFileReference; lastKnownFileType = sourcecode.swift; path = TrackMetricSpecTests.swift; sourceTree = "<group>"; };
		FT47 /* TrackSeriesBuilderTests.swift */ = {isa = PBXFileReference; lastKnownFileType = sourcecode.swift; path = TrackSeriesBuilderTests.swift; sourceTree = "<group>"; };
		FT48 /* ConsistencySummaryTests.swift */ = {isa = PBXFileReference; lastKnownFileType = sourcecode.swift; path = ConsistencySummaryTests.swift; sourceTree = "<group>"; };
		FT40 /* RSAComputeTests.swift */ = {isa = PBXFileReference; lastKnownFileType = sourcecode.swift; path = RSAComputeTests.swift; sourceTree = "<group>"; };
		FT41 /* WelchPSDParsevalTests.swift */ = {isa = PBXFileReference; lastKnownFileType = sourcecode.swift; path = WelchPSDParsevalTests.swift; sourceTree = "<group>"; };
		FT42 /* MetricsQualityFilterTests.swift */ = {isa = PBXFileReference; lastKnownFileType = sourcecode.swift; path = MetricsQualityFilterTests.swift; sourceTree = "<group>"; };
		FTCS /* ChartSegmenterTests.swift */ = {isa = PBXFileReference; lastKnownFileType = sourcecode.swift; path = ChartSegmenterTests.swift; sourceTree = "<group>"; };
		FT49 /* ConsistencyCardTests.swift */ = {isa = PBXFileReference; lastKnownFileType = sourcecode.swift; path = ConsistencyCardTests.swift; sourceTree = "<group>"; };
		FT17 /* TrendShapeComputeTests.swift */ = {isa = PBXFileReference; lastKnownFileType = sourcecode.swift; path = TrendShapeComputeTests.swift; sourceTree = "<group>"; };
		FT18 /* DayPotentialInsightTests.swift */ = {isa = PBXFileReference; lastKnownFileType = sourcecode.swift; path = DayPotentialInsightTests.swift; sourceTree = "<group>"; };
		FT19 /* DayLoadSummaryTests.swift */ = {isa = PBXFileReference; lastKnownFileType = sourcecode.swift; path = DayLoadSummaryTests.swift; sourceTree = "<group>"; };
		FT20 /* DayPotentialStateTests.swift */ = {isa = PBXFileReference; lastKnownFileType = sourcecode.swift; path = DayPotentialStateTests.swift; sourceTree = "<group>"; };
		FT21 /* NudgeSampleBufferTests.swift */ = {isa = PBXFileReference; lastKnownFileType = sourcecode.swift; path = NudgeSampleBufferTests.swift; sourceTree = "<group>"; };
		FT22 /* NudgeSignalsTests.swift */ = {isa = PBXFileReference; lastKnownFileType = sourcecode.swift; path = NudgeSignalsTests.swift; sourceTree = "<group>"; };
		FT23 /* DurationPresetTests.swift */ = {isa = PBXFileReference; lastKnownFileType = sourcecode.swift; path = DurationPresetTests.swift; sourceTree = "<group>"; };
		FT24 /* ActivityTargetTests.swift */ = {isa = PBXFileReference; lastKnownFileType = sourcecode.swift; path = ActivityTargetTests.swift; sourceTree = "<group>"; };
		FT25 /* SubtypeMemoryTests.swift */ = {isa = PBXFileReference; lastKnownFileType = sourcecode.swift; path = SubtypeMemoryTests.swift; sourceTree = "<group>"; };
		FT26 /* ImpactDeltaTests.swift */ = {isa = PBXFileReference; lastKnownFileType = sourcecode.swift; path = ImpactDeltaTests.swift; sourceTree = "<group>"; };
		FT30 /* DailyRollupTests.swift */ = {isa = PBXFileReference; lastKnownFileType = sourcecode.swift; path = DailyRollupTests.swift; sourceTree = "<group>"; };
		FT31 /* NudgeFixture.swift */ = {isa = PBXFileReference; lastKnownFileType = sourcecode.swift; path = NudgeFixture.swift; sourceTree = "<group>"; };
		FT32 /* ExerciseVetoTests.swift */ = {isa = PBXFileReference; lastKnownFileType = sourcecode.swift; path = ExerciseVetoTests.swift; sourceTree = "<group>"; };
		FT33 /* NudgeTriggersTests.swift */ = {isa = PBXFileReference; lastKnownFileType = sourcecode.swift; path = NudgeTriggersTests.swift; sourceTree = "<group>"; };
		FT34 /* NudgeGatingTests.swift */ = {isa = PBXFileReference; lastKnownFileType = sourcecode.swift; path = NudgeGatingTests.swift; sourceTree = "<group>"; };
		FT35 /* NudgeEngineTests.swift */ = {isa = PBXFileReference; lastKnownFileType = sourcecode.swift; path = NudgeEngineTests.swift; sourceTree = "<group>"; };
		FT36 /* NudgeCopyTests.swift */ = {isa = PBXFileReference; lastKnownFileType = sourcecode.swift; path = NudgeCopyTests.swift; sourceTree = "<group>"; };
		FT37 /* NudgeNotificationTests.swift */ = {isa = PBXFileReference; lastKnownFileType = sourcecode.swift; path = NudgeNotificationTests.swift; sourceTree = "<group>"; };
		FTST /* WythinTests.xctest */ = {isa = PBXFileReference; explicitFileType = wrapper.cfbundle; includeInIndex = 0; path = WythinTests.xctest; sourceTree = BUILT_PRODUCTS_DIR; };
		FT38 /* UsageUploaderTests.swift */ = {isa = PBXFileReference; lastKnownFileType = sourcecode.swift; path = UsageUploaderTests.swift; sourceTree = "<group>"; };
		F50 /* LiveMetric.swift */ = {isa = PBXFileReference; lastKnownFileType = sourcecode.swift; path = LiveMetric.swift; sourceTree = "<group>"; };
		FT51 /* LiveMetricTests.swift */ = {isa = PBXFileReference; lastKnownFileType = sourcecode.swift; path = LiveMetricTests.swift; sourceTree = "<group>"; };
		F51 /* LiveBaseline.swift */ = {isa = PBXFileReference; lastKnownFileType = sourcecode.swift; path = LiveBaseline.swift; sourceTree = "<group>"; };
		FT52 /* LiveBaselineTests.swift */ = {isa = PBXFileReference; lastKnownFileType = sourcecode.swift; path = LiveBaselineTests.swift; sourceTree = "<group>"; };
		F54 /* LiveReading.swift */ = {isa = PBXFileReference; lastKnownFileType = sourcecode.swift; path = LiveReading.swift; sourceTree = "<group>"; };
		FT55 /* LiveReadingTests.swift */ = {isa = PBXFileReference; lastKnownFileType = sourcecode.swift; path = LiveReadingTests.swift; sourceTree = "<group>"; };
		F56 /* LiveStateClassifier.swift */ = {isa = PBXFileReference; lastKnownFileType = sourcecode.swift; path = LiveStateClassifier.swift; sourceTree = "<group>"; };
		F57 /* LiveStateCopy.swift */ = {isa = PBXFileReference; lastKnownFileType = sourcecode.swift; path = LiveStateCopy.swift; sourceTree = "<group>"; };
		FT57 /* LiveStateClassifierTests.swift */ = {isa = PBXFileReference; lastKnownFileType = sourcecode.swift; path = LiveStateClassifierTests.swift; sourceTree = "<group>"; };
		FT58 /* LiveStateCopyTests.swift */ = {isa = PBXFileReference; lastKnownFileType = sourcecode.swift; path = LiveStateCopyTests.swift; sourceTree = "<group>"; };
		FT59 /* LiveStateStoreTests.swift */ = {isa = PBXFileReference; lastKnownFileType = sourcecode.swift; path = LiveStateStoreTests.swift; sourceTree = "<group>"; };
/* End PBXFileReference section */

/* Begin PBXFrameworksBuildPhase section */
		BFAPP /* Frameworks */ = {
			isa = PBXFrameworksBuildPhase;
			buildActionMask = 2147483647;
			files = (
			);
			runOnlyForDeploymentPostprocessing = 0;
		};
		BFTST /* Frameworks */ = {
			isa = PBXFrameworksBuildPhase;
			buildActionMask = 2147483647;
			files = (
			);
			runOnlyForDeploymentPostprocessing = 0;
		};
/* End PBXFrameworksBuildPhase section */

/* Begin PBXGroup section */
		GAPP /* Wythin */ = {
			isa = PBXGroup;
			children = (
				GAPP_APP /* App */,
				GAPP_BLE /* BLE */,
				GAPP_MET /* Metrics */,
				GAPP_SYN /* Sync */,
				GAPP_MOD /* Models */,
				GAPP_UI /* UI */,
				FRES1 /* Assets.xcassets */,
				FRES2 /* PrivacyInfo.xcprivacy */,
				FINFO /* Info.plist */,
			);
			path = Wythin;
			sourceTree = "<group>";
		};
		GAPP_ACT /* Activities */ = {
			isa = PBXGroup;
			children = (
				F137 /* ActivitiesView.swift */,
				2C610ECB383624DF3DB2E902 /* ExerciseLogRow.swift */,
				10284DCB6D50B66249C5AB82 /* ActivityLogRow.swift */,
				F203 /* ActivityLogging.swift */,
				F149 /* ActivityMetricsGrid.swift */,
				F150 /* ActivityWindowChart.swift */,
				6FAD5A571618CC30124B0A6D /* RecoveryCurveChart.swift */,
				BEEE9F1E89C1080D7968C81F /* CostScatterChart.swift */,
				EAFB2854BF564659AB44437A /* ExerciseDetailView.swift */,
				8DB14932B2654296DD711453 /* IntensityDomainBar.swift */,
				EB3DAF0C092FF0CCF91FDF70 /* SessionTimelineChart.swift */,
				F153 /* PracticeImpactMeter.swift */,
				F154 /* MetricProgressRow.swift */,
				F230 /* ActivityDetailView.swift */,
				F231 /* ActivityFormSheets.swift */,
				5157D6102C251A37AF413C96 /* PracticeImpactGauge.swift */,
				C21C1F6442376CD6F03ABFA9 /* ExerciseScoreGauge.swift */,
			);
			path = Activities;
			sourceTree = "<group>";
		};
		GAPP_APP /* App */ = {
			isa = PBXGroup;
			children = (
				F101 /* WythinApp.swift */,
				F102 /* AppEnvironment.swift */,
				F247 /* NudgeRouting.swift */,
			);
			path = App;
			sourceTree = "<group>";
		};
		GAPP_BIO /* Biofeedback */ = {
			isa = PBXGroup;
			children = (
				F134 /* BiofeedbackViews.swift */,
				F207 /* BiofeedbackSessionView.swift */,
			);
			path = Biofeedback;
			sourceTree = "<group>";
		};
		GAPP_BLE /* BLE */ = {
			isa = PBXGroup;
			children = (
				F103 /* BLEService.swift */,
				F104 /* PolarH10Profile.swift */,
				F105 /* DataBuffer.swift */,
			);
			path = BLE;
			sourceTree = "<group>";
		};
		GAPP_DES /* Design */ = {
			isa = PBXGroup;
			children = (
				F117 /* Theme.swift */,
				F118 /* WaveformRenderer.swift */,
				F132 /* SplashView.swift */,
				F133 /* BLENavButton.swift */,
				F144 /* SignalQualityTier+Theme.swift */,
				F148 /* MetricTile.swift */,
			);
			path = Design;
			sourceTree = "<group>";
		};
		GAPP_TRK /* Track */ = {
			isa = PBXGroup;
			children = (
				F256 /* TrackPeriodBar.swift */,
				F257 /* MacroReadCard.swift */,
				F258 /* TrackMetricChartCard.swift */,
				F259 /* ConsistencyCard.swift */,
				F250 /* TrackView.swift */,
			);
			path = Track;
			sourceTree = "<group>";
		};
		GAPP_LIV /* Live */ = {
			isa = PBXGroup;
			children = (
				F220 /* DayPotentialStrip.swift */,
				F219 /* DayPotentialStore.swift */,
				F119 /* LiveView.swift */,
				F120 /* ECGWaveformView.swift */,
				F122 /* HeartBeatView.swift */,
				F128 /* MetricsChartsView.swift */,
				F129 /* ACCWaveformView.swift */,
				F130 /* RRTachogramView.swift */,
				F131 /* HRVAnalysisView.swift */,
				F139 /* CurrentStateCard.swift */,
				F140 /* RecommendedActionCard.swift */,
				F147 /* LiveStateWidget.swift */,
			);
			path = Live;
			sourceTree = "<group>";
		};
		GAPP_MET /* Metrics */ = {
			isa = PBXGroup;
			children = (
				F218 /* DayLoadSummary.swift */,
				F217 /* DayPotentialInsight.swift */,
				F216 /* TrendShapeCompute.swift */,
				F215 /* StreakCompute.swift */,
				F214 /* PotentialScore.swift */,
				F213 /* AnchorBaseline.swift */,
				F210 /* AnchorDetector.swift */,
				F106 /* MetricsEngine.swift */,
				F107 /* HRVCompute.swift */,
				F108 /* RSACompute.swift */,
				F109 /* BreathingCompute.swift */,
				F110 /* CoherenceCompute.swift */,
				F141 /* DFACompute.swift */,
				F142 /* AdvancedHRVCompute.swift */,
				F143 /* ECGQualityCompute.swift */,
				F146 /* LiveStateTrendCompute.swift */,
				F199 /* LiveStateInsight.swift */,
				F151 /* ActivityMetricStats.swift */,
				1D2DA763415A735C4235EAC3 /* ReserveSpan.swift */,
				0D12AFB7E233F1788DF1389B /* SessionCoachSummary.swift */,
				5E5294EDF227D9A9088C3CF9 /* SessionTimelineSeries.swift */,
				5DE74DCE97C4E46327F3DF50 /* ExerciseOverallScore.swift */,
				2BCF24B05B61179BE85725B6 /* ExerciseResponse.swift */,
				2347BCF92FF25D4B96E71DC2 /* ExerciseSuppression.swift */,
				E2947E0AD9572915BC1AA8DC /* ExerciseIntensity.swift */,
				7C5036107B88E8AD2B0D89CE /* HRCeiling.swift */,
				4818A387CECCADE5C48195E6 /* ActivityClass.swift */,
				F152 /* ActivityImpact.swift */,
				F202 /* AutonomicCompute.swift */,
				F155 /* HeartRateCompute.swift */,
				F209 /* MotionCompute.swift */,
				F246 /* NudgeNotification.swift */,
				F245 /* NudgeCopy.swift */,
				F244 /* NudgeEngine.swift */,
				F243 /* NudgeGating.swift */,
				F242 /* NudgeTriggers.swift */,
				F241 /* ExerciseVeto.swift */,
				F222 /* NudgeSignals.swift */,
				F221 /* NudgeSampleBuffer.swift */,
				F240 /* DailyRollup.swift */,
				F251 /* TrackCache.swift */,
				F252 /* TrackPeriod.swift */,
				F253 /* TrackMetricSpec.swift */,
				F254 /* TrackSeriesBuilder.swift */,
				F255 /* ConsistencySummary.swift */,
				F50 /* LiveMetric.swift */,
				F51 /* LiveBaseline.swift */,
				F54 /* LiveReading.swift */,
				F56 /* LiveStateClassifier.swift */,
				F57 /* LiveStateCopy.swift */,
			);
			path = Metrics;
			sourceTree = "<group>";
		};
		GAPP_MOD /* Models */ = {
			isa = PBXGroup;
			children = (
				F211 /* DailyAnchor.swift */,
				F260 /* FeltStateLog.swift */,
				F114 /* HRVSession.swift */,
				F115 /* HRVSample.swift */,
				F116 /* ResonanceResult.swift */,
				F127 /* MetricsHistoryPoint.swift */,
				F135 /* TrainSession.swift */,
				F136 /* ActivityLog.swift */,
				F200 /* Practice.swift */,
				F201 /* PracticeCatalog.swift */,
				F138 /* PolyvagalState.swift */,
				F160 /* ClientProfile.swift */,
				679350D1BBA9E9E28C249EC1 /* UsageEventLog.swift */,
			);
			path = Models;
			sourceTree = "<group>";
		};
		GAPP_ONB /* Onboarding */ = {
			isa = PBXGroup;
			children = (
				F161 /* OnboardingFlow.swift */,
				F162 /* OnboardingScreens.swift */,
			);
			path = Onboarding;
			sourceTree = "<group>";
		};
		GAPP_RES /* Resonate */ = {
			isa = PBXGroup;
			children = (
				F123 /* ResonateView.swift */,
				F124 /* PacerCircleView.swift */,
				F206 /* ResonanceSessionView.swift */,
			);
			path = Resonate;
			sourceTree = "<group>";
		};
		GAPP_SET /* Settings */ = {
			isa = PBXGroup;
			children = (
				F126 /* SettingsView.swift */,
			);
			path = Settings;
			sourceTree = "<group>";
		};
		GAPP_SYN /* Sync */ = {
			isa = PBXGroup;
			children = (
				F111 /* SyncService.swift */,
				F112 /* APIClient.swift */,
				F113 /* SessionUploader.swift */,
				F208 /* ActivityUploader.swift */,
				F261 /* FeltStateLogUploader.swift */,
				F145 /* InsightGenerator.swift */,
				FE6F0E9C8772030B86BA730E /* UsageUploader.swift */,
			);
			path = Sync;
			sourceTree = "<group>";
		};
		GAPP_TRN /* Train */ = {
			isa = PBXGroup;
			children = (
				F204 /* PracticeHubView.swift */,
				F205 /* PracticeDetailView.swift */,
				F249 /* NudgeCardView.swift */,
				F248 /* NudgeTimerView.swift */,
			);
			path = Train;
			sourceTree = "<group>";
		};
		GAPP_UI /* UI */ = {
			isa = PBXGroup;
			children = (
				GAPP_DES /* Design */,
				GAPP_LIV /* Live */,
				GAPP_ONB /* Onboarding */,
				GAPP_TRN /* Train */,
				GAPP_BIO /* Biofeedback */,
				GAPP_ACT /* Activities */,
				GAPP_RES /* Resonate */,
				GAPP_TRK /* Track */,
				GAPP_SET /* Settings */,
			);
			path = UI;
			sourceTree = "<group>";
		};
		GPRODUCTS /* Products */ = {
			isa = PBXGroup;
			children = (
				FAPP /* Wythin.app */,
				FTST /* WythinTests.xctest */,
			);
			name = Products;
			sourceTree = "<group>";
		};
		GROOT = {
			isa = PBXGroup;
			children = (
				GAPP /* Wythin */,
				GTESTS /* WythinTests */,
				GPRODUCTS /* Products */,
			);
			sourceTree = "<group>";
		};
		GTESTS /* WythinTests */ = {
			isa = PBXGroup;
			children = (
				FT19 /* DayLoadSummaryTests.swift */,
				FT20 /* DayPotentialStateTests.swift */,
				FT38 /* UsageUploaderTests.swift */,
				FT37 /* NudgeNotificationTests.swift */,
				FT36 /* NudgeCopyTests.swift */,
				FT35 /* NudgeEngineTests.swift */,
				FT34 /* NudgeGatingTests.swift */,
				FT33 /* NudgeTriggersTests.swift */,
				FT32 /* ExerciseVetoTests.swift */,
				FT31 /* NudgeFixture.swift */,
				FT24 /* ActivityTargetTests.swift */,
				FT25 /* SubtypeMemoryTests.swift */,
				FT23 /* DurationPresetTests.swift */,
				FT22 /* NudgeSignalsTests.swift */,
				FT21 /* NudgeSampleBufferTests.swift */,
				FT18 /* DayPotentialInsightTests.swift */,
				FT17 /* TrendShapeComputeTests.swift */,
				FT16 /* StreakComputeTests.swift */,
				FT15 /* PotentialScoreTests.swift */,
				FT14 /* AnchorBaselineTests.swift */,
				FT13 /* AnchorDetectorTests.swift */,
				FT43 /* AnchorBackfillTests.swift */,
				FT01 /* MetricsTests.swift */,
				FT02 /* BLETests.swift */,
				FT03 /* ECGQualityComputeTests.swift */,
				FT04 /* InsightGeneratorTests.swift */,
				FT05 /* LiveStateTrendComputeTests.swift */,
				FT06 /* PayloadBuilderTests.swift */,
				FT07 /* ActivityMetricStatsTests.swift */,
				12BB690F25F54B750AA42F4A /* ActivityTypeTests.swift */,
				15D3EA5CFE5E1DCAD9EBBC56 /* ReserveSpanTests.swift */,
				AA68B985D14FE086BD69C11C /* SessionCoachSummaryTests.swift */,
				9B181363D6A49186F45A2EDC /* SessionTimelineSeriesTests.swift */,
				CF856CA50617E0CE83FF3277 /* ExerciseOverallScoreTests.swift */,
				C72030D576025334DD476BE4 /* ExerciseResponsePersistenceTests.swift */,
				F977D374481218BF8B51F781 /* ExerciseResponseTests.swift */,
				4DE28E0D3E8F7AC97F87B585 /* ExerciseSuppressionTests.swift */,
				95B9519E06B06D323F47D5B1 /* ExerciseIntensityTests.swift */,
				CCEA22F3FB1E016118D8EE01 /* HRCeilingTests.swift */,
				20866A7D973F59840EBFADEE /* ActivityClassTests.swift */,
				FT26 /* ImpactDeltaTests.swift */,
				FT10 /* ClientProfileTests.swift */,
				FT11 /* PracticeCatalogTests.swift */,
				FT12 /* MotionComputeTests.swift */,
				FT30 /* DailyRollupTests.swift */,
				FT44 /* TrackCacheTests.swift */,
				FT45 /* TrackPeriodTests.swift */,
				FT46 /* TrackMetricSpecTests.swift */,
				FT47 /* TrackSeriesBuilderTests.swift */,
				FT48 /* ConsistencySummaryTests.swift */,
				FT49 /* ConsistencyCardTests.swift */,
				FT40 /* RSAComputeTests.swift */,
				FT41 /* WelchPSDParsevalTests.swift */,
				FT42 /* MetricsQualityFilterTests.swift */,
				FTCS /* ChartSegmenterTests.swift */,
				FT51 /* LiveMetricTests.swift */,
				FT52 /* LiveBaselineTests.swift */,
				FT55 /* LiveReadingTests.swift */,
				FT57 /* LiveStateClassifierTests.swift */,
				FT58 /* LiveStateCopyTests.swift */,
				FT59 /* LiveStateStoreTests.swift */,
			);
			path = WythinTests;
			sourceTree = "<group>";
		};
/* End PBXGroup section */

/* Begin PBXNativeTarget section */
		TAPP /* Wythin */ = {
			isa = PBXNativeTarget;
			buildConfigurationList = XLAPP /* Build configuration list for PBXNativeTarget "Wythin" */;
			buildPhases = (
				BSAPP /* Sources */,
				BFAPP /* Frameworks */,
				BRAPP /* Resources */,
			);
			buildRules = (
			);
			dependencies = (
			);
			name = Wythin;
			productName = Wythin;
			productReference = FAPP /* Wythin.app */;
			productType = "com.apple.product-type.application";
		};
		TTST /* WythinTests */ = {
			isa = PBXNativeTarget;
			buildConfigurationList = XLTST /* Build configuration list for PBXNativeTarget "WythinTests" */;
			buildPhases = (
				BSTST /* Sources */,
				BFTST /* Frameworks */,
			);
			buildRules = (
			);
			dependencies = (
				DEPTEST /* PBXTargetDependency */,
			);
			name = WythinTests;
			productName = WythinTests;
			productReference = FTST /* WythinTests.xctest */;
			productType = "com.apple.product-type.bundle.unit-test";
		};
/* End PBXNativeTarget section */

/* Begin PBXProject section */
		PROJ /* Project object */ = {
			isa = PBXProject;
			attributes = {
				BuildIndependentTargetsInParallel = 1;
				LastSwiftUpdateCheck = 1500;
				LastUpgradeCheck = 2630;
				TargetAttributes = {
					TAPP = {
						CreatedOnToolsVersion = 15.0;
					};
					TTST = {
						CreatedOnToolsVersion = 15.0;
						TestTargetID = TAPP;
					};
				};
			};
			buildConfigurationList = XLPROJ /* Build configuration list for PBXProject "Wythin" */;
			compatibilityVersion = "Xcode 14.0";
			developmentRegion = en;
			hasScannedForEncodings = 0;
			knownRegions = (
				en,
				Base,
			);
			mainGroup = GROOT;
			productRefGroup = GPRODUCTS /* Products */;
			projectDirPath = "";
			projectRoot = "";
			targets = (
				TAPP /* Wythin */,
				TTST /* WythinTests */,
			);
		};
/* End PBXProject section */

/* Begin PBXResourcesBuildPhase section */
		BRAPP /* Resources */ = {
			isa = PBXResourcesBuildPhase;
			buildActionMask = 2147483647;
			files = (
				ARES1 /* Assets.xcassets in Resources */,
				ARES2 /* PrivacyInfo.xcprivacy in Resources */,
			);
			runOnlyForDeploymentPostprocessing = 0;
		};
/* End PBXResourcesBuildPhase section */

/* Begin PBXSourcesBuildPhase section */
		BSAPP /* Sources */ = {
			isa = PBXSourcesBuildPhase;
			buildActionMask = 2147483647;
			files = (
				A220 /* DayPotentialStrip.swift in Sources */,
				A219 /* DayPotentialStore.swift in Sources */,
				A218 /* DayLoadSummary.swift in Sources */,
				A217 /* DayPotentialInsight.swift in Sources */,
				A216 /* TrendShapeCompute.swift in Sources */,
				A215 /* StreakCompute.swift in Sources */,
				A214 /* PotentialScore.swift in Sources */,
				A213 /* AnchorBaseline.swift in Sources */,
				A211 /* DailyAnchor.swift in Sources */,
				A260 /* FeltStateLog.swift in Sources */,
				A210 /* AnchorDetector.swift in Sources */,
				A101 /* WythinApp.swift in Sources */,
				A102 /* AppEnvironment.swift in Sources */,
				A247 /* NudgeRouting.swift in Sources */,
				A103 /* BLEService.swift in Sources */,
				A104 /* PolarH10Profile.swift in Sources */,
				A105 /* DataBuffer.swift in Sources */,
				A106 /* MetricsEngine.swift in Sources */,
				A107 /* HRVCompute.swift in Sources */,
				A108 /* RSACompute.swift in Sources */,
				A109 /* BreathingCompute.swift in Sources */,
				A110 /* CoherenceCompute.swift in Sources */,
				A111 /* SyncService.swift in Sources */,
				A112 /* APIClient.swift in Sources */,
				A113 /* SessionUploader.swift in Sources */,
				A208 /* ActivityUploader.swift in Sources */,
				A261 /* FeltStateLogUploader.swift in Sources */,
				A145 /* InsightGenerator.swift in Sources */,
				A114 /* HRVSession.swift in Sources */,
				A115 /* HRVSample.swift in Sources */,
				A116 /* ResonanceResult.swift in Sources */,
				A135 /* TrainSession.swift in Sources */,
				A127 /* MetricsHistoryPoint.swift in Sources */,
				A240 /* DailyRollup.swift in Sources */,
				A251 /* TrackCache.swift in Sources */,
				A252 /* TrackPeriod.swift in Sources */,
				A253 /* TrackMetricSpec.swift in Sources */,
				A254 /* TrackSeriesBuilder.swift in Sources */,
				A255 /* ConsistencySummary.swift in Sources */,
				A256 /* TrackPeriodBar.swift in Sources */,
				A257 /* MacroReadCard.swift in Sources */,
				A258 /* TrackMetricChartCard.swift in Sources */,
				A259 /* ConsistencyCard.swift in Sources */,
				A250 /* TrackView.swift in Sources */,
				A117 /* Theme.swift in Sources */,
				A118 /* WaveformRenderer.swift in Sources */,
				A132 /* SplashView.swift in Sources */,
				A133 /* BLENavButton.swift in Sources */,
				A119 /* LiveView.swift in Sources */,
				A120 /* ECGWaveformView.swift in Sources */,
				A122 /* HeartBeatView.swift in Sources */,
				A128 /* MetricsChartsView.swift in Sources */,
				A129 /* ACCWaveformView.swift in Sources */,
				A130 /* RRTachogramView.swift in Sources */,
				A131 /* HRVAnalysisView.swift in Sources */,
				A134 /* BiofeedbackViews.swift in Sources */,
				A136 /* ActivityLog.swift in Sources */,
				A200 /* Practice.swift in Sources */,
				A201 /* PracticeCatalog.swift in Sources */,
				A137 /* ActivitiesView.swift in Sources */,
				80FD4071E16403CDD0C0F55D /* ExerciseLogRow.swift in Sources */,
				F84F7CB62F996193D6F7DBA1 /* ActivityLogRow.swift in Sources */,
				A203 /* ActivityLogging.swift in Sources */,
				A204 /* PracticeHubView.swift in Sources */,
				A205 /* PracticeDetailView.swift in Sources */,
				A249 /* NudgeCardView.swift in Sources */,
				A248 /* NudgeTimerView.swift in Sources */,
				A206 /* ResonanceSessionView.swift in Sources */,
				A207 /* BiofeedbackSessionView.swift in Sources */,
				A138 /* PolyvagalState.swift in Sources */,
				A160 /* ClientProfile.swift in Sources */,
				A161 /* OnboardingFlow.swift in Sources */,
				A162 /* OnboardingScreens.swift in Sources */,
				A139 /* CurrentStateCard.swift in Sources */,
				A140 /* RecommendedActionCard.swift in Sources */,
				A147 /* LiveStateWidget.swift in Sources */,
				A141 /* DFACompute.swift in Sources */,
				A142 /* AdvancedHRVCompute.swift in Sources */,
				A143 /* ECGQualityCompute.swift in Sources */,
				A144 /* SignalQualityTier+Theme.swift in Sources */,
				A146 /* LiveStateTrendCompute.swift in Sources */,
				A199 /* LiveStateInsight.swift in Sources */,
				A148 /* MetricTile.swift in Sources */,
				A149 /* ActivityMetricsGrid.swift in Sources */,
				A150 /* ActivityWindowChart.swift in Sources */,
				D07587900CF0F451D2296B6E /* RecoveryCurveChart.swift in Sources */,
				572FE6B7D226F114A58E9495 /* CostScatterChart.swift in Sources */,
				18D9F03ADFCE85B5F794E94D /* ExerciseDetailView.swift in Sources */,
				973C076BBA17753FE1E14F39 /* IntensityDomainBar.swift in Sources */,
				464AD9DEC520D515A61A3DE7 /* SessionTimelineChart.swift in Sources */,
				A153 /* PracticeImpactMeter.swift in Sources */,
				A154 /* MetricProgressRow.swift in Sources */,
				A230 /* ActivityDetailView.swift in Sources */,
				A231 /* ActivityFormSheets.swift in Sources */,
				A151 /* ActivityMetricStats.swift in Sources */,
				0494739CC2085FEDCA412073 /* ReserveSpan.swift in Sources */,
				4B4B9AEF69C85FFFB3320D8E /* SessionCoachSummary.swift in Sources */,
				F6E29B23138474AAF201367B /* SessionTimelineSeries.swift in Sources */,
				E31E15DF62015435905FE094 /* ExerciseOverallScore.swift in Sources */,
				10BB7FC13F17B5EE0955D510 /* ExerciseResponse.swift in Sources */,
				822C2AE5497CD6845368A9AB /* ExerciseSuppression.swift in Sources */,
				29C3BF21639F950B8C1C9A6A /* ExerciseIntensity.swift in Sources */,
				70A1B22BDEFF77D6DDA234B8 /* HRCeiling.swift in Sources */,
				4516A3624454CAF6AFEFA8D9 /* ActivityClass.swift in Sources */,
				A152 /* ActivityImpact.swift in Sources */,
				A202 /* AutonomicCompute.swift in Sources */,
				A155 /* HeartRateCompute.swift in Sources */,
				A209 /* MotionCompute.swift in Sources */,
				A246 /* NudgeNotification.swift in Sources */,
				A245 /* NudgeCopy.swift in Sources */,
				A244 /* NudgeEngine.swift in Sources */,
				A243 /* NudgeGating.swift in Sources */,
				A242 /* NudgeTriggers.swift in Sources */,
				A241 /* ExerciseVeto.swift in Sources */,
				A222 /* NudgeSignals.swift in Sources */,
				A221 /* NudgeSampleBuffer.swift in Sources */,
				A123 /* ResonateView.swift in Sources */,
				A124 /* PacerCircleView.swift in Sources */,
				A126 /* SettingsView.swift in Sources */,
				BB44FFFA4FD2ED2B440F60EA /* UsageEventLog.swift in Sources */,
				519BA43B55690D5F8761EBBF /* UsageUploader.swift in Sources */,
				F7233A74A7B0B97C62834AF5 /* PracticeImpactGauge.swift in Sources */,
				A6E1AF270813ABED5CDABAE7 /* ExerciseScoreGauge.swift in Sources */,
				A50 /* LiveMetric.swift in Sources */,
				A51 /* LiveBaseline.swift in Sources */,
				A54 /* LiveReading.swift in Sources */,
				A56 /* LiveStateClassifier.swift in Sources */,
				A57 /* LiveStateCopy.swift in Sources */,
			);
			runOnlyForDeploymentPostprocessing = 0;
		};
		BSTST /* Sources */ = {
			isa = PBXSourcesBuildPhase;
			buildActionMask = 2147483647;
			files = (
				AT19 /* DayLoadSummaryTests.swift in Sources */,
				AT20 /* DayPotentialStateTests.swift in Sources */,
				AT38 /* UsageUploaderTests.swift in Sources */,
				AT37 /* NudgeNotificationTests.swift in Sources */,
				AT36 /* NudgeCopyTests.swift in Sources */,
				AT35 /* NudgeEngineTests.swift in Sources */,
				AT34 /* NudgeGatingTests.swift in Sources */,
				AT33 /* NudgeTriggersTests.swift in Sources */,
				AT32 /* ExerciseVetoTests.swift in Sources */,
				AT31 /* NudgeFixture.swift in Sources */,
				AT24 /* ActivityTargetTests.swift in Sources */,
				AT25 /* SubtypeMemoryTests.swift in Sources */,
				AT23 /* DurationPresetTests.swift in Sources */,
				AT22 /* NudgeSignalsTests.swift in Sources */,
				AT21 /* NudgeSampleBufferTests.swift in Sources */,
				AT18 /* DayPotentialInsightTests.swift in Sources */,
				AT17 /* TrendShapeComputeTests.swift in Sources */,
				AT16 /* StreakComputeTests.swift in Sources */,
				AT30 /* DailyRollupTests.swift in Sources */,
				AT44 /* TrackCacheTests.swift in Sources */,
				AT45 /* TrackPeriodTests.swift in Sources */,
				AT46 /* TrackMetricSpecTests.swift in Sources */,
				AT47 /* TrackSeriesBuilderTests.swift in Sources */,
				AT48 /* ConsistencySummaryTests.swift in Sources */,
				AT49 /* ConsistencyCardTests.swift in Sources */,
				AT15 /* PotentialScoreTests.swift in Sources */,
				AT14 /* AnchorBaselineTests.swift in Sources */,
				AT13 /* AnchorDetectorTests.swift in Sources */,
				AT43 /* AnchorBackfillTests.swift in Sources */,
				AT01 /* MetricsTests.swift in Sources */,
				AT02 /* BLETests.swift in Sources */,
				AT03 /* ECGQualityComputeTests.swift in Sources */,
				AT04 /* InsightGeneratorTests.swift in Sources */,
				AT05 /* LiveStateTrendComputeTests.swift in Sources */,
				AT06 /* PayloadBuilderTests.swift in Sources */,
				AT10 /* ClientProfileTests.swift in Sources */,
				AT07 /* ActivityMetricStatsTests.swift in Sources */,
				43A37C75E1DB1B68CE8566C1 /* ActivityTypeTests.swift in Sources */,
				F2B19313E5BD07F6A74BEB72 /* ReserveSpanTests.swift in Sources */,
				6B58F42A246C561C3D98F3F5 /* SessionCoachSummaryTests.swift in Sources */,
				241504E12F13C7826AFE199C /* SessionTimelineSeriesTests.swift in Sources */,
				916E9E8724B25DE55C8BDBD8 /* ExerciseOverallScoreTests.swift in Sources */,
				DB008F4FD88F2146F25870A1 /* ExerciseResponsePersistenceTests.swift in Sources */,
				7BB70ED0F7441CFA169BC456 /* ExerciseResponseTests.swift in Sources */,
				CB62B2E9CF6FB86CEA829234 /* ExerciseSuppressionTests.swift in Sources */,
				DB47876B9E7EA9FD18FF19C9 /* ExerciseIntensityTests.swift in Sources */,
				04C27CD78B1B40DBA5522FB9 /* HRCeilingTests.swift in Sources */,
				04B07817C335F28A352F88E9 /* ActivityClassTests.swift in Sources */,
				AT26 /* ImpactDeltaTests.swift in Sources */,
				AT11 /* PracticeCatalogTests.swift in Sources */,
				AT12 /* MotionComputeTests.swift in Sources */,
				AT40 /* RSAComputeTests.swift in Sources */,
				AT41 /* WelchPSDParsevalTests.swift in Sources */,
				AT42 /* MetricsQualityFilterTests.swift in Sources */,
				ATCS /* ChartSegmenterTests.swift in Sources */,
				AT51 /* LiveMetricTests.swift in Sources */,
				AT52 /* LiveBaselineTests.swift in Sources */,
				AT55 /* LiveReadingTests.swift in Sources */,
				AT57 /* LiveStateClassifierTests.swift in Sources */,
				AT58 /* LiveStateCopyTests.swift in Sources */,
				AT59 /* LiveStateStoreTests.swift in Sources */,
			);
			runOnlyForDeploymentPostprocessing = 0;
		};
/* End PBXSourcesBuildPhase section */

/* Begin PBXTargetDependency section */
		DEPTEST /* PBXTargetDependency */ = {
			isa = PBXTargetDependency;
			target = TAPP /* Wythin */;
			targetProxy = 520563AE2F70993A00075CAD /* PBXContainerItemProxy */;
		};
/* End PBXTargetDependency section */

/* Begin XCBuildConfiguration section */
		CBD_APP /* Debug */ = {
			isa = XCBuildConfiguration;
			buildSettings = {
				ASSETCATALOG_COMPILER_APPICON_NAME = AppIcon;
				CODE_SIGN_STYLE = Automatic;
				CURRENT_PROJECT_VERSION = 1;
				DEVELOPMENT_TEAM = FHUVQ8JNXD;
				GENERATE_INFOPLIST_FILE = YES;
				INFOPLIST_FILE = Wythin/Info.plist;
				INFOPLIST_KEY_NSBluetoothAlwaysUsageDescription = "Wythin needs Bluetooth to connect to your Polar H10 heart rate monitor.";
				INFOPLIST_KEY_UIApplicationSceneManifest_Generation = YES;
				INFOPLIST_KEY_UIApplicationSupportsIndirectInputEvents = YES;
				INFOPLIST_KEY_UILaunchScreen_Generation = YES;
				INFOPLIST_KEY_UISupportedInterfaceOrientations_iPhone = "UIInterfaceOrientationPortrait UIInterfaceOrientationPortraitUpsideDown";
				IPHONEOS_DEPLOYMENT_TARGET = 17.0;
				LD_RUNPATH_SEARCH_PATHS = "@executable_path/Frameworks";
				MARKETING_VERSION = 1.0;
				PRODUCT_BUNDLE_IDENTIFIER = com.alexutkin.wythin;
				PRODUCT_NAME = Wythin;
				SWIFT_EMIT_LOC_STRINGS = YES;
				SWIFT_OPTIMIZATION_LEVEL = "-Onone";
				SWIFT_VERSION = 5.9;
				TARGETED_DEVICE_FAMILY = 1;
			};
			name = Debug;
		};
		CBD_PROJ /* Debug */ = {
			isa = XCBuildConfiguration;
			buildSettings = {
				ALWAYS_SEARCH_USER_PATHS = NO;
				CLANG_ANALYZER_NONNULL = YES;
				CLANG_ANALYZER_NUMBER_OBJECT_CONVERSION = YES_AGGRESSIVE;
				CLANG_CXX_LANGUAGE_STANDARD = "gnu++20";
				CLANG_ENABLE_MODULES = YES;
				CLANG_ENABLE_OBJC_ARC = YES;
				CLANG_ENABLE_OBJC_WEAK = YES;
				CLANG_WARN_BLOCK_CAPTURE_AUTORELEASING = YES;
				CLANG_WARN_BOOL_CONVERSION = YES;
				CLANG_WARN_COMMA = YES;
				CLANG_WARN_CONSTANT_CONVERSION = YES;
				CLANG_WARN_DEPRECATED_OBJC_IMPLEMENTATIONS = YES;
				CLANG_WARN_DIRECT_OBJC_ISA_USAGE = YES_ERROR;
				CLANG_WARN_DOCUMENTATION_COMMENTS = YES;
				CLANG_WARN_EMPTY_BODY = YES;
				CLANG_WARN_ENUM_CONVERSION = YES;
				CLANG_WARN_INFINITE_RECURSION = YES;
				CLANG_WARN_INT_CONVERSION = YES;
				CLANG_WARN_NON_LITERAL_NULL_CONVERSION = YES;
				CLANG_WARN_OBJC_IMPLICIT_RETAIN_CYCLES = YES;
				CLANG_WARN_OBJC_IMPLICIT_RETAIN_SELF = YES;
				CLANG_WARN_OBJC_LITERAL_CONVERSION = YES;
				CLANG_WARN_OBJC_ROOT_CLASS = YES_ERROR;
				CLANG_WARN_QUOTED_INCLUDE_IN_FRAMEWORK_HEADER = YES;
				CLANG_WARN_RANGE_LOOP_ANALYSIS = YES;
				CLANG_WARN_STRICT_PROTOTYPES = YES;
				CLANG_WARN_SUSPICIOUS_MOVE = YES;
				CLANG_WARN_UNGUARDED_AVAILABILITY = YES_AGGRESSIVE;
				CLANG_WARN_UNREACHABLE_CODE = YES;
				CLANG_WARN__DUPLICATE_METHOD_MATCH = YES;
				COPY_PHASE_STRIP = NO;
				DEBUG_INFORMATION_FORMAT = dwarf;
				ENABLE_STRICT_OBJC_MSGSEND = YES;
				ENABLE_TESTABILITY = YES;
				ENABLE_USER_SCRIPT_SANDBOXING = YES;
				GCC_C_LANGUAGE_STANDARD = gnu11;
				GCC_DYNAMIC_NO_PIC = NO;
				GCC_NO_COMMON_BLOCKS = YES;
				GCC_OPTIMIZATION_LEVEL = 0;
				GCC_PREPROCESSOR_DEFINITIONS = (
					"DEBUG=1",
					"$(inherited)",
				);
				GCC_WARN_64_TO_32_BIT_CONVERSION = YES;
				GCC_WARN_ABOUT_RETURN_TYPE = YES_ERROR;
				GCC_WARN_UNDECLARED_SELECTOR = YES;
				GCC_WARN_UNINITIALIZED_AUTOS = YES_AGGRESSIVE;
				GCC_WARN_UNUSED_FUNCTION = YES;
				GCC_WARN_UNUSED_VARIABLE = YES;
				IPHONEOS_DEPLOYMENT_TARGET = 17.0;
				MTL_ENABLE_DEBUG_INFO = INCLUDE_SOURCE;
				MTL_FAST_MATH = YES;
				ONLY_ACTIVE_ARCH = YES;
				SDKROOT = iphoneos;
				STRING_CATALOG_GENERATE_SYMBOLS = YES;
				SWIFT_ACTIVE_COMPILATION_CONDITIONS = DEBUG;
				SWIFT_VERSION = 5.9;
			};
			name = Debug;
		};
		CBD_TST /* Debug */ = {
			isa = XCBuildConfiguration;
			buildSettings = {
				BUNDLE_LOADER = "$(TEST_HOST)";
				CODE_SIGN_STYLE = Automatic;
				CURRENT_PROJECT_VERSION = 1;
				DEVELOPMENT_TEAM = "";
				GENERATE_INFOPLIST_FILE = YES;
				IPHONEOS_DEPLOYMENT_TARGET = 17.0;
				MARKETING_VERSION = 1.0;
				PRODUCT_BUNDLE_IDENTIFIER = com.alexutkin.wythin.tests;
				PRODUCT_NAME = WythinTests;
				SWIFT_OPTIMIZATION_LEVEL = "-Onone";
				SWIFT_VERSION = 5.9;
				TARGETED_DEVICE_FAMILY = 1;
				TEST_HOST = "$(BUILT_PRODUCTS_DIR)/Wythin.app/$(BUNDLE_EXECUTABLE_FOLDER_PATH)/Wythin";
			};
			name = Debug;
		};
		CBR_APP /* Release */ = {
			isa = XCBuildConfiguration;
			buildSettings = {
				ASSETCATALOG_COMPILER_APPICON_NAME = AppIcon;
				CODE_SIGN_STYLE = Automatic;
				CURRENT_PROJECT_VERSION = 1;
				DEVELOPMENT_TEAM = FHUVQ8JNXD;
				GENERATE_INFOPLIST_FILE = YES;
				INFOPLIST_FILE = Wythin/Info.plist;
				INFOPLIST_KEY_NSBluetoothAlwaysUsageDescription = "Wythin needs Bluetooth to connect to your Polar H10 heart rate monitor.";
				INFOPLIST_KEY_UIApplicationSceneManifest_Generation = YES;
				INFOPLIST_KEY_UIApplicationSupportsIndirectInputEvents = YES;
				INFOPLIST_KEY_UILaunchScreen_Generation = YES;
				INFOPLIST_KEY_UISupportedInterfaceOrientations_iPhone = "UIInterfaceOrientationPortrait UIInterfaceOrientationPortraitUpsideDown";
				IPHONEOS_DEPLOYMENT_TARGET = 17.0;
				LD_RUNPATH_SEARCH_PATHS = "@executable_path/Frameworks";
				MARKETING_VERSION = 1.0;
				PRODUCT_BUNDLE_IDENTIFIER = com.alexutkin.wythin;
				PRODUCT_NAME = Wythin;
				SWIFT_EMIT_LOC_STRINGS = YES;
				SWIFT_OPTIMIZATION_LEVEL = "-O";
				SWIFT_VERSION = 5.9;
				TARGETED_DEVICE_FAMILY = 1;
			};
			name = Release;
		};
		CBR_PROJ /* Release */ = {
			isa = XCBuildConfiguration;
			buildSettings = {
				ALWAYS_SEARCH_USER_PATHS = NO;
				CLANG_ANALYZER_NONNULL = YES;
				CLANG_ANALYZER_NUMBER_OBJECT_CONVERSION = YES_AGGRESSIVE;
				CLANG_CXX_LANGUAGE_STANDARD = "gnu++20";
				CLANG_ENABLE_MODULES = YES;
				CLANG_ENABLE_OBJC_ARC = YES;
				CLANG_ENABLE_OBJC_WEAK = YES;
				CLANG_WARN_BLOCK_CAPTURE_AUTORELEASING = YES;
				CLANG_WARN_BOOL_CONVERSION = YES;
				CLANG_WARN_COMMA = YES;
				CLANG_WARN_CONSTANT_CONVERSION = YES;
				CLANG_WARN_DEPRECATED_OBJC_IMPLEMENTATIONS = YES;
				CLANG_WARN_DIRECT_OBJC_ISA_USAGE = YES_ERROR;
				CLANG_WARN_DOCUMENTATION_COMMENTS = YES;
				CLANG_WARN_EMPTY_BODY = YES;
				CLANG_WARN_ENUM_CONVERSION = YES;
				CLANG_WARN_INFINITE_RECURSION = YES;
				CLANG_WARN_INT_CONVERSION = YES;
				CLANG_WARN_NON_LITERAL_NULL_CONVERSION = YES;
				CLANG_WARN_OBJC_IMPLICIT_RETAIN_CYCLES = YES;
				CLANG_WARN_OBJC_IMPLICIT_RETAIN_SELF = YES;
				CLANG_WARN_OBJC_LITERAL_CONVERSION = YES;
				CLANG_WARN_OBJC_ROOT_CLASS = YES_ERROR;
				CLANG_WARN_QUOTED_INCLUDE_IN_FRAMEWORK_HEADER = YES;
				CLANG_WARN_RANGE_LOOP_ANALYSIS = YES;
				CLANG_WARN_STRICT_PROTOTYPES = YES;
				CLANG_WARN_SUSPICIOUS_MOVE = YES;
				CLANG_WARN_UNGUARDED_AVAILABILITY = YES_AGGRESSIVE;
				CLANG_WARN_UNREACHABLE_CODE = YES;
				CLANG_WARN__DUPLICATE_METHOD_MATCH = YES;
				COPY_PHASE_STRIP = NO;
				DEBUG_INFORMATION_FORMAT = "dwarf-with-dsym";
				ENABLE_NS_ASSERTIONS = NO;
				ENABLE_STRICT_OBJC_MSGSEND = YES;
				ENABLE_USER_SCRIPT_SANDBOXING = YES;
				GCC_C_LANGUAGE_STANDARD = gnu11;
				GCC_NO_COMMON_BLOCKS = YES;
				GCC_WARN_64_TO_32_BIT_CONVERSION = YES;
				GCC_WARN_ABOUT_RETURN_TYPE = YES_ERROR;
				GCC_WARN_UNDECLARED_SELECTOR = YES;
				GCC_WARN_UNINITIALIZED_AUTOS = YES_AGGRESSIVE;
				GCC_WARN_UNUSED_FUNCTION = YES;
				GCC_WARN_UNUSED_VARIABLE = YES;
				IPHONEOS_DEPLOYMENT_TARGET = 17.0;
				MTL_FAST_MATH = YES;
				SDKROOT = iphoneos;
				STRING_CATALOG_GENERATE_SYMBOLS = YES;
				SWIFT_COMPILATION_MODE = wholemodule;
				SWIFT_VERSION = 5.9;
				VALIDATE_PRODUCT = YES;
			};
			name = Release;
		};
		CBR_TST /* Release */ = {
			isa = XCBuildConfiguration;
			buildSettings = {
				BUNDLE_LOADER = "$(TEST_HOST)";
				CODE_SIGN_STYLE = Automatic;
				CURRENT_PROJECT_VERSION = 1;
				DEVELOPMENT_TEAM = "";
				GENERATE_INFOPLIST_FILE = YES;
				IPHONEOS_DEPLOYMENT_TARGET = 17.0;
				MARKETING_VERSION = 1.0;
				PRODUCT_BUNDLE_IDENTIFIER = com.alexutkin.wythin.tests;
				PRODUCT_NAME = WythinTests;
				SWIFT_OPTIMIZATION_LEVEL = "-O";
				SWIFT_VERSION = 5.9;
				TARGETED_DEVICE_FAMILY = 1;
				TEST_HOST = "$(BUILT_PRODUCTS_DIR)/Wythin.app/$(BUNDLE_EXECUTABLE_FOLDER_PATH)/Wythin";
			};
			name = Release;
		};
/* End XCBuildConfiguration section */

/* Begin XCConfigurationList section */
		XLAPP /* Build configuration list for PBXNativeTarget "Wythin" */ = {
			isa = XCConfigurationList;
			buildConfigurations = (
				CBD_APP /* Debug */,
				CBR_APP /* Release */,
			);
			defaultConfigurationIsVisible = 0;
			defaultConfigurationName = Release;
		};
		XLPROJ /* Build configuration list for PBXProject "Wythin" */ = {
			isa = XCConfigurationList;
			buildConfigurations = (
				CBD_PROJ /* Debug */,
				CBR_PROJ /* Release */,
			);
			defaultConfigurationIsVisible = 0;
			defaultConfigurationName = Release;
		};
		XLTST /* Build configuration list for PBXNativeTarget "WythinTests" */ = {
			isa = XCConfigurationList;
			buildConfigurations = (
				CBD_TST /* Debug */,
				CBR_TST /* Release */,
			);
			defaultConfigurationIsVisible = 0;
			defaultConfigurationName = Release;
		};
/* End XCConfigurationList section */
	};
	rootObject = PROJ /* Project object */;
}
